// !$*UTF8*$!
{
	archiveVersion = 1;
	classes = {
	};
	objectVersion = 55;
	objects = {

/* Begin PBXBuildFile section */
		0B00E0042877DF7F00707F26 /* Bundle+Extensions.swift in Sources */ = {isa = PBXBuildFile; fileRef = 0B00E0032877DF7F00707F26 /* Bundle+Extensions.swift */; };
		0B00E0052877E56A00707F26 /* CybridSDK.framework in Frameworks */ = {isa = PBXBuildFile; fileRef = 0B078F0D28497B070020B4F7 /* CybridSDK.framework */; platformFilter = ios; };
		0B00E0062877E56A00707F26 /* CybridSDK.framework in Embed Frameworks */ = {isa = PBXBuildFile; fileRef = 0B078F0D28497B070020B4F7 /* CybridSDK.framework */; settings = {ATTRIBUTES = (CodeSignOnCopy, RemoveHeadersOnCopy, ); }; };
		0B00E0132877E87600707F26 /* LaunchScreen.storyboard in Resources */ = {isa = PBXBuildFile; fileRef = 0B00E0112877E87600707F26 /* LaunchScreen.storyboard */; };
		0B00E0142877E87600707F26 /* Main.storyboard in Resources */ = {isa = PBXBuildFile; fileRef = 0B00E0122877E87600707F26 /* Main.storyboard */; };
		0B00E0152877E93900707F26 /* Localizable.strings in Resources */ = {isa = PBXBuildFile; fileRef = 0B00E0172877E93900707F26 /* Localizable.strings */; };
		0B00E01B2877EED600707F26 /* BundleExtensionsTests.swift in Sources */ = {isa = PBXBuildFile; fileRef = 0B00E01A2877EED600707F26 /* BundleExtensionsTests.swift */; };
		0B00E01D28789ADA00707F26 /* BigDecimal.swift in Sources */ = {isa = PBXBuildFile; fileRef = 0B00E01C28789ADA00707F26 /* BigDecimal.swift */; };
		0B00E01F2878A16800707F26 /* BigDecimalTests.swift in Sources */ = {isa = PBXBuildFile; fileRef = 0B00E01E2878A16800707F26 /* BigDecimalTests.swift */; };
		0B00E0222878D23100707F26 /* CybridSession.swift in Sources */ = {isa = PBXBuildFile; fileRef = 0B00E0212878D23100707F26 /* CybridSession.swift */; };
		0B00E024287CD72D00707F26 /* Environment.swift in Sources */ = {isa = PBXBuildFile; fileRef = 0B00E023287CD72D00707F26 /* Environment.swift */; };
		0B00E028287DBA8400707F26 /* CryptoAuthenticator.swift in Sources */ = {isa = PBXBuildFile; fileRef = 0B00E027287DBA8400707F26 /* CryptoAuthenticator.swift */; };
		0B00E02E287F6AE500707F26 /* CybridError.swift in Sources */ = {isa = PBXBuildFile; fileRef = 0B00E02D287F6AE500707F26 /* CybridError.swift */; };
		0B00E032287F6C1600707F26 /* MockCybridAuthenticator.swift in Sources */ = {isa = PBXBuildFile; fileRef = 0B00E031287F6C1500707F26 /* MockCybridAuthenticator.swift */; };
		0B00E034287F6D1000707F26 /* CybridAuthenticator.swift in Sources */ = {isa = PBXBuildFile; fileRef = 0B00E033287F6D1000707F26 /* CybridAuthenticator.swift */; };
		0B00E03C287F7BA500707F26 /* CybridSessionTests.swift in Sources */ = {isa = PBXBuildFile; fileRef = 0B00E03B287F7BA500707F26 /* CybridSessionTests.swift */; };
		0B00E03E287F803800707F26 /* MockAPIManager.swift in Sources */ = {isa = PBXBuildFile; fileRef = 0B00E03D287F803800707F26 /* MockAPIManager.swift */; };
		0B00E040287F81A500707F26 /* CybridAPIManager.swift in Sources */ = {isa = PBXBuildFile; fileRef = 0B00E03F287F81A500707F26 /* CybridAPIManager.swift */; };
		0B00E046287FBEDC00707F26 /* PriceListDataProviderMock.swift in Sources */ = {isa = PBXBuildFile; fileRef = 0B00E045287FBEDC00707F26 /* PriceListDataProviderMock.swift */; };
		0B00E048287FC4C800707F26 /* EnvironmentTests.swift in Sources */ = {isa = PBXBuildFile; fileRef = 0B00E047287FC4C800707F26 /* EnvironmentTests.swift */; };
		0B00E04C2885AD8D00707F26 /* PricesRepository.swift in Sources */ = {isa = PBXBuildFile; fileRef = 0B00E04B2885AD8D00707F26 /* PricesRepository.swift */; };
		0B00E04E2885ADB300707F26 /* AssetsRepository.swift in Sources */ = {isa = PBXBuildFile; fileRef = 0B00E04D2885ADB300707F26 /* AssetsRepository.swift */; };
		0B00E0522886F01A00707F26 /* AssetsAPIMock.swift in Sources */ = {isa = PBXBuildFile; fileRef = 0B00E0512886F01A00707F26 /* AssetsAPIMock.swift */; };
		0B00E0542886F21900707F26 /* AssetsListMock.swift in Sources */ = {isa = PBXBuildFile; fileRef = 0B00E0532886F21900707F26 /* AssetsListMock.swift */; };
		0B00E0572886F25F00707F26 /* PricesAPIMock.swift in Sources */ = {isa = PBXBuildFile; fileRef = 0B00E0562886F25F00707F26 /* PricesAPIMock.swift */; };
		0B00E0592887022B00707F26 /* PriceListMock.swift in Sources */ = {isa = PBXBuildFile; fileRef = 0B00E0582887022B00707F26 /* PriceListMock.swift */; };
		0B00E05C2887256B00707F26 /* UIView+Keyboard.swift in Sources */ = {isa = PBXBuildFile; fileRef = 0B00E05B2887256B00707F26 /* UIView+Keyboard.swift */; };
		0B078F1228497B070020B4F7 /* CybridSDK.docc in Sources */ = {isa = PBXBuildFile; fileRef = 0B078F1128497B070020B4F7 /* CybridSDK.docc */; };
		0B078F1828497B070020B4F7 /* CybridSDK.framework in Frameworks */ = {isa = PBXBuildFile; fileRef = 0B078F0D28497B070020B4F7 /* CybridSDK.framework */; };
		0B078F1E28497B070020B4F7 /* CybridSDK.h in Headers */ = {isa = PBXBuildFile; fileRef = 0B078F1028497B070020B4F7 /* CybridSDK.h */; settings = {ATTRIBUTES = (Public, ); }; };
		0B2899E0288E4860001B3360 /* AuthenticatedServiceProvider.swift in Sources */ = {isa = PBXBuildFile; fileRef = 0B2899DF288E4860001B3360 /* AuthenticatedServiceProvider.swift */; };
		0B2899E5288EE764001B3360 /* TimerType.swift in Sources */ = {isa = PBXBuildFile; fileRef = 0B2899E4288EE764001B3360 /* TimerType.swift */; };
		0B2899E9288F3E1F001B3360 /* Cybrid.swift in Sources */ = {isa = PBXBuildFile; fileRef = 0B2899E8288F3E1F001B3360 /* Cybrid.swift */; };
		0B2899ED288F4BE5001B3360 /* TaskSchedulerMock.swift in Sources */ = {isa = PBXBuildFile; fileRef = 0B2899EC288F4BE5001B3360 /* TaskSchedulerMock.swift */; };
		0B2899F2288F53FE001B3360 /* NotificationCenterMock.swift in Sources */ = {isa = PBXBuildFile; fileRef = 0B2899F1288F53FE001B3360 /* NotificationCenterMock.swift */; };
		0B2899F4289049F3001B3360 /* TimerMock.swift in Sources */ = {isa = PBXBuildFile; fileRef = 0B2899F3289049F3001B3360 /* TimerMock.swift */; };
		0B2899F628904B11001B3360 /* TaskSchedulerTests.swift in Sources */ = {isa = PBXBuildFile; fileRef = 0B2899F528904B11001B3360 /* TaskSchedulerTests.swift */; };
		0B2899F828942C54001B3360 /* CybridJSONDecoder.swift in Sources */ = {isa = PBXBuildFile; fileRef = 0B2899F728942C54001B3360 /* CybridJSONDecoder.swift */; };
		0B2899FA2894653F001B3360 /* CybridJSONDecoderTests.swift in Sources */ = {isa = PBXBuildFile; fileRef = 0B2899F92894653F001B3360 /* CybridJSONDecoderTests.swift */; };
		0B2899FE289467EE001B3360 /* listPricesResponse.json in Resources */ = {isa = PBXBuildFile; fileRef = 0B2899FD289467EE001B3360 /* listPricesResponse.json */; };
		0B289A0028946B52001B3360 /* JSONMockHelper.swift in Sources */ = {isa = PBXBuildFile; fileRef = 0B2899FF28946B52001B3360 /* JSONMockHelper.swift */; };
		0B289A0228946F74001B3360 /* listLargestPricesResponse.json in Resources */ = {isa = PBXBuildFile; fileRef = 0B289A0128946F53001B3360 /* listLargestPricesResponse.json */; };
		0B289A05289CE525001B3360 /* BuyQuoteViewModel.swift in Sources */ = {isa = PBXBuildFile; fileRef = 0B289A04289CE525001B3360 /* BuyQuoteViewModel.swift */; };
		0B289A07289E29D4001B3360 /* AssetBankModel+Extensions.swift in Sources */ = {isa = PBXBuildFile; fileRef = 0B289A06289E29D4001B3360 /* AssetBankModel+Extensions.swift */; };
		0B289A0A289E333C001B3360 /* CYBTextField.swift in Sources */ = {isa = PBXBuildFile; fileRef = 0B289A09289E333C001B3360 /* CYBTextField.swift */; };
		0B289A0D28A2C7B5001B3360 /* Assets.xcassets in Resources */ = {isa = PBXBuildFile; fileRef = 0B289A0C28A2C7B5001B3360 /* Assets.xcassets */; };
		0B2B2A6D28621D5C002F0EC1 /* ColorTheme.swift in Sources */ = {isa = PBXBuildFile; fileRef = 0B2B2A6C28621D5C002F0EC1 /* ColorTheme.swift */; };
		0B2B2A7128621DA7002F0EC1 /* FontTheme.swift in Sources */ = {isa = PBXBuildFile; fileRef = 0B2B2A7028621DA7002F0EC1 /* FontTheme.swift */; };
		0B2B2A8528629031002F0EC1 /* UIColor+Extensions.swift in Sources */ = {isa = PBXBuildFile; fileRef = 0B2B2A8428629031002F0EC1 /* UIColor+Extensions.swift */; };
		0B2B2A872862906E002F0EC1 /* UILabel+Extensions.swift in Sources */ = {isa = PBXBuildFile; fileRef = 0B2B2A862862906E002F0EC1 /* UILabel+Extensions.swift */; };
		0B2B2A8928629324002F0EC1 /* Theme.swift in Sources */ = {isa = PBXBuildFile; fileRef = 0B2B2A8828629324002F0EC1 /* Theme.swift */; };
		0B303CDF2862DD2C007BF7FF /* UIConstants.swift in Sources */ = {isa = PBXBuildFile; fileRef = 0B303CDE2862DD2C007BF7FF /* UIConstants.swift */; };
		0B303CE12862E062007BF7FF /* FormatStyle.swift in Sources */ = {isa = PBXBuildFile; fileRef = 0B303CE02862E062007BF7FF /* FormatStyle.swift */; };
		0B303CE42862E5D9007BF7FF /* CybridConfig.swift in Sources */ = {isa = PBXBuildFile; fileRef = 0B303CE32862E5D9007BF7FF /* CybridConfig.swift */; };
		0B303CE72862E7E3007BF7FF /* UIColorExtensionsTests.swift in Sources */ = {isa = PBXBuildFile; fileRef = 0B303CE62862E7E3007BF7FF /* UIColorExtensionsTests.swift */; };
		0B303CE92862F5BB007BF7FF /* UILabelExtensionsTests.swift in Sources */ = {isa = PBXBuildFile; fileRef = 0B303CE82862F5BB007BF7FF /* UILabelExtensionsTests.swift */; };
		0B303CEC2862F898007BF7FF /* ColorThemeTests.swift in Sources */ = {isa = PBXBuildFile; fileRef = 0B303CEB2862F898007BF7FF /* ColorThemeTests.swift */; };
		0B303CF328636A0D007BF7FF /* CybridConfigTests.swift in Sources */ = {isa = PBXBuildFile; fileRef = 0B303CF228636A0D007BF7FF /* CybridConfigTests.swift */; };
		0B557B942899F4DE00632A6D /* SellQuoteViewController.swift in Sources */ = {isa = PBXBuildFile; fileRef = 0B557B912899F4DE00632A6D /* SellQuoteViewController.swift */; };
		0B557B952899F4DE00632A6D /* BuyQuoteViewController.swift in Sources */ = {isa = PBXBuildFile; fileRef = 0B557B922899F4DE00632A6D /* BuyQuoteViewController.swift */; };
		0B557B962899F4DE00632A6D /* TradeViewController.swift in Sources */ = {isa = PBXBuildFile; fileRef = 0B557B932899F4DE00632A6D /* TradeViewController.swift */; };
		0B557B982899F56900632A6D /* CYBButton.swift in Sources */ = {isa = PBXBuildFile; fileRef = 0B557B972899F56900632A6D /* CYBButton.swift */; };
		0B6175D4288B7853004E4F5B /* TaskScheduler.swift in Sources */ = {isa = PBXBuildFile; fileRef = 0B6175D3288B7853004E4F5B /* TaskScheduler.swift */; };
		0B966004285A85C600584692 /* AsyncOperationTests.swift in Sources */ = {isa = PBXBuildFile; fileRef = 0B966003285A85C600584692 /* AsyncOperationTests.swift */; };
		0B966008285A92E700584692 /* XCTestCase+expectFailure.swift in Sources */ = {isa = PBXBuildFile; fileRef = 0B966007285A92E700584692 /* XCTestCase+expectFailure.swift */; };
		0B96600D285A9A3100584692 /* MockAsyncOperation.swift in Sources */ = {isa = PBXBuildFile; fileRef = 0B96600C285A9A3100584692 /* MockAsyncOperation.swift */; };
		0B96600F285AA0FC00584692 /* AssertionFailureOverride.swift in Sources */ = {isa = PBXBuildFile; fileRef = 0B966009285A96B700584692 /* AssertionFailureOverride.swift */; };
		0B966011285AA24300584692 /* AssertionFailureOverrideTests.swift in Sources */ = {isa = PBXBuildFile; fileRef = 0B966010285AA24300584692 /* AssertionFailureOverrideTests.swift */; };
		0B966013285AA2EB00584692 /* URLImageViewTests.swift in Sources */ = {isa = PBXBuildFile; fileRef = 0B966012285AA2EB00584692 /* URLImageViewTests.swift */; };
		0B966019285AE8D300584692 /* MockURLSession.swift in Sources */ = {isa = PBXBuildFile; fileRef = 0B966018285AE8D300584692 /* MockURLSession.swift */; };
		0B96601E285AF03700584692 /* TestAssets.xcassets in Resources */ = {isa = PBXBuildFile; fileRef = 0B96601D285AF03700584692 /* TestAssets.xcassets */; };
		0B966025285C2CEF00584692 /* MockDispatchQueue.swift in Sources */ = {isa = PBXBuildFile; fileRef = 0B966024285C2CEF00584692 /* MockDispatchQueue.swift */; };
		0B966027285C2E8600584692 /* MockImageOperation.swift in Sources */ = {isa = PBXBuildFile; fileRef = 0B966026285C2E8600584692 /* MockImageOperation.swift */; };
		0B966029285C38F500584692 /* URLImageOperationTests.swift in Sources */ = {isa = PBXBuildFile; fileRef = 0B966028285C38F500584692 /* URLImageOperationTests.swift */; };
		0B96602B285C3AC600584692 /* NetworkingInterfaceTests.swift in Sources */ = {isa = PBXBuildFile; fileRef = 0B96602A285C3AC600584692 /* NetworkingInterfaceTests.swift */; };
		0B99D1E72849CCE500837E05 /* CybridSDK.podspec in Resources */ = {isa = PBXBuildFile; fileRef = 0B99D1E62849CCE500837E05 /* CybridSDK.podspec */; };
		0BBCF616285C43E000D39C6D /* AppDelegate.swift in Sources */ = {isa = PBXBuildFile; fileRef = 0BBCF615285C43E000D39C6D /* AppDelegate.swift */; };
		0BBCF618285C43E000D39C6D /* SceneDelegate.swift in Sources */ = {isa = PBXBuildFile; fileRef = 0BBCF617285C43E000D39C6D /* SceneDelegate.swift */; };
		0BBCF61F285C43E000D39C6D /* Assets.xcassets in Resources */ = {isa = PBXBuildFile; fileRef = 0BBCF61E285C43E000D39C6D /* Assets.xcassets */; };
		0BBCF640285C52D700D39C6D /* MockError.swift in Sources */ = {isa = PBXBuildFile; fileRef = 0BBCF63F285C52D700D39C6D /* MockError.swift */; };
		0BD0A4E728582FB700C10744 /* README.md in Resources */ = {isa = PBXBuildFile; fileRef = 0BD0A4E628582FB700C10744 /* README.md */; };
		0BD26F2428A55D4800ED2A1B /* CybridEvent.swift in Sources */ = {isa = PBXBuildFile; fileRef = 0BD26F2228A55D4800ED2A1B /* CybridEvent.swift */; };
		0BD26F2528A55D4800ED2A1B /* CybridLogger.swift in Sources */ = {isa = PBXBuildFile; fileRef = 0BD26F2328A55D4800ED2A1B /* CybridLogger.swift */; };
		0BD26F2928A55D7F00ED2A1B /* ClientLogger.swift in Sources */ = {isa = PBXBuildFile; fileRef = 0BD26F2828A55D7F00ED2A1B /* ClientLogger.swift */; };
		0BD660F7286B761200F4DA6B /* NetworkingInterfaces.swift in Sources */ = {isa = PBXBuildFile; fileRef = 0BD660F6286B761200F4DA6B /* NetworkingInterfaces.swift */; };
		0BD660FC286B763E00F4DA6B /* URLImageOperation.swift in Sources */ = {isa = PBXBuildFile; fileRef = 0BD660F9286B763E00F4DA6B /* URLImageOperation.swift */; };
		0BD660FD286B763E00F4DA6B /* ConcurrencyInterfaces.swift in Sources */ = {isa = PBXBuildFile; fileRef = 0BD660FA286B763E00F4DA6B /* ConcurrencyInterfaces.swift */; };
		0BD660FE286B763E00F4DA6B /* AsyncOperation.swift in Sources */ = {isa = PBXBuildFile; fileRef = 0BD660FB286B763E00F4DA6B /* AsyncOperation.swift */; };
		0BD66104286B768300F4DA6B /* CryptoPriceTableHeaderView.swift in Sources */ = {isa = PBXBuildFile; fileRef = 0BD66102286B768300F4DA6B /* CryptoPriceTableHeaderView.swift */; };
		0BD66105286B768300F4DA6B /* CryptoPriceTableViewCell.swift in Sources */ = {isa = PBXBuildFile; fileRef = 0BD66103286B768300F4DA6B /* CryptoPriceTableViewCell.swift */; };
		0BD66109286B768C00F4DA6B /* CryptoPriceListView.swift in Sources */ = {isa = PBXBuildFile; fileRef = 0BD66106286B768C00F4DA6B /* CryptoPriceListView.swift */; };
		0BD6610A286B768C00F4DA6B /* CryptoPriceViewModel.swift in Sources */ = {isa = PBXBuildFile; fileRef = 0BD66107286B768C00F4DA6B /* CryptoPriceViewModel.swift */; };
		0BD6610B286B768C00F4DA6B /* CryptoPriceModel.swift in Sources */ = {isa = PBXBuildFile; fileRef = 0BD66108286B768C00F4DA6B /* CryptoPriceModel.swift */; };
		0BD6610D286B769800F4DA6B /* Observable.swift in Sources */ = {isa = PBXBuildFile; fileRef = 0BD6610C286B769800F4DA6B /* Observable.swift */; };
		0BD66111286B76DC00F4DA6B /* URLImageView.swift in Sources */ = {isa = PBXBuildFile; fileRef = 0BD66110286B76DC00F4DA6B /* URLImageView.swift */; };
		0BD66114286B76F300F4DA6B /* RootViewController.swift in Sources */ = {isa = PBXBuildFile; fileRef = 0BD66112286B76F300F4DA6B /* RootViewController.swift */; };
		0BD66115286B76F300F4DA6B /* CryptoPriceListTestVC.swift in Sources */ = {isa = PBXBuildFile; fileRef = 0BD66113286B76F300F4DA6B /* CryptoPriceListTestVC.swift */; };
		0BD66118286B79C500F4DA6B /* UIView+Constraints.swift in Sources */ = {isa = PBXBuildFile; fileRef = 0BD66116286B79C500F4DA6B /* UIView+Constraints.swift */; };
		0BD6611B286C197B00F4DA6B /* UIViewConstraintsTests.swift in Sources */ = {isa = PBXBuildFile; fileRef = 0BD6611A286C197B00F4DA6B /* UIViewConstraintsTests.swift */; };
		0BD6611D286C1D5B00F4DA6B /* CurrencyFormatterTests.swift in Sources */ = {isa = PBXBuildFile; fileRef = 0BD6611C286C1D5B00F4DA6B /* CurrencyFormatterTests.swift */; };
		0BD6611F286C1EB800F4DA6B /* ObservableTests.swift in Sources */ = {isa = PBXBuildFile; fileRef = 0BD6611E286C1EB800F4DA6B /* ObservableTests.swift */; };
		0BD66123286C20BC00F4DA6B /* CryptoPriceViewModelTests.swift in Sources */ = {isa = PBXBuildFile; fileRef = 0BD66122286C20BC00F4DA6B /* CryptoPriceViewModelTests.swift */; };
		0BD66125286D7C0400F4DA6B /* Localizer.swift in Sources */ = {isa = PBXBuildFile; fileRef = 0BD66124286D7C0400F4DA6B /* Localizer.swift */; };
		0BD6612A286DE86A00F4DA6B /* CybridLocalizationKey.swift in Sources */ = {isa = PBXBuildFile; fileRef = 0BD66129286DE86A00F4DA6B /* CybridLocalizationKey.swift */; };
		0BD661332872A05B00F4DA6B /* LocalizationTests.swift in Sources */ = {isa = PBXBuildFile; fileRef = 0BD661322872A05B00F4DA6B /* LocalizationTests.swift */; };
		0BD661372872BB0A00F4DA6B /* AssetPathBuilder.swift in Sources */ = {isa = PBXBuildFile; fileRef = 0BD661362872BB0A00F4DA6B /* AssetPathBuilder.swift */; };
		0BD6613A2872BC0B00F4DA6B /* CybridCurrencyFormatter.swift in Sources */ = {isa = PBXBuildFile; fileRef = 0BD661392872BC0B00F4DA6B /* CybridCurrencyFormatter.swift */; };
		0BD6613E2874AFAA00F4DA6B /* MockNumberFormatter.swift in Sources */ = {isa = PBXBuildFile; fileRef = 0BD6613D2874AFAA00F4DA6B /* MockNumberFormatter.swift */; };
		0BFF8755289628EB00E44C74 /* listAssetsResponse.json in Resources */ = {isa = PBXBuildFile; fileRef = 0BFF87542896267C00E44C74 /* listAssetsResponse.json */; };
/* End PBXBuildFile section */

/* Begin PBXContainerItemProxy section */
		0B00E0072877E56A00707F26 /* PBXContainerItemProxy */ = {
			isa = PBXContainerItemProxy;
			containerPortal = 0B078F0428497B070020B4F7 /* Project object */;
			proxyType = 1;
			remoteGlobalIDString = 0B078F0C28497B070020B4F7;
			remoteInfo = CybridSDK;
		};
		0B078F1928497B070020B4F7 /* PBXContainerItemProxy */ = {
			isa = PBXContainerItemProxy;
			containerPortal = 0B078F0428497B070020B4F7 /* Project object */;
			proxyType = 1;
			remoteGlobalIDString = 0B078F0C28497B070020B4F7;
			remoteInfo = CybridSDK;
		};
/* End PBXContainerItemProxy section */

/* Begin PBXCopyFilesBuildPhase section */
		0B00E0092877E56A00707F26 /* Embed Frameworks */ = {
			isa = PBXCopyFilesBuildPhase;
			buildActionMask = 2147483647;
			dstPath = "";
			dstSubfolderSpec = 10;
			files = (
				0B00E0062877E56A00707F26 /* CybridSDK.framework in Embed Frameworks */,
			);
			name = "Embed Frameworks";
			runOnlyForDeploymentPostprocessing = 0;
		};
/* End PBXCopyFilesBuildPhase section */

/* Begin PBXFileReference section */
		0B00E0032877DF7F00707F26 /* Bundle+Extensions.swift */ = {isa = PBXFileReference; lastKnownFileType = sourcecode.swift; path = "Bundle+Extensions.swift"; sourceTree = "<group>"; };
		0B00E0112877E87600707F26 /* LaunchScreen.storyboard */ = {isa = PBXFileReference; fileEncoding = 4; lastKnownFileType = file.storyboard; path = LaunchScreen.storyboard; sourceTree = "<group>"; };
		0B00E0122877E87600707F26 /* Main.storyboard */ = {isa = PBXFileReference; fileEncoding = 4; lastKnownFileType = file.storyboard; path = Main.storyboard; sourceTree = "<group>"; };
		0B00E0162877E93900707F26 /* en */ = {isa = PBXFileReference; lastKnownFileType = text.plist.strings; name = en; path = en.lproj/Localizable.strings; sourceTree = "<group>"; };
		0B00E0192877ED9E00707F26 /* fr */ = {isa = PBXFileReference; lastKnownFileType = text.plist.strings; name = fr; path = fr.lproj/Localizable.strings; sourceTree = "<group>"; };
		0B00E01A2877EED600707F26 /* BundleExtensionsTests.swift */ = {isa = PBXFileReference; lastKnownFileType = sourcecode.swift; path = BundleExtensionsTests.swift; sourceTree = "<group>"; };
		0B00E01C28789ADA00707F26 /* BigDecimal.swift */ = {isa = PBXFileReference; lastKnownFileType = sourcecode.swift; path = BigDecimal.swift; sourceTree = "<group>"; };
		0B00E01E2878A16800707F26 /* BigDecimalTests.swift */ = {isa = PBXFileReference; lastKnownFileType = sourcecode.swift; path = BigDecimalTests.swift; sourceTree = "<group>"; };
		0B00E0212878D23100707F26 /* CybridSession.swift */ = {isa = PBXFileReference; lastKnownFileType = sourcecode.swift; path = CybridSession.swift; sourceTree = "<group>"; };
		0B00E023287CD72D00707F26 /* Environment.swift */ = {isa = PBXFileReference; lastKnownFileType = sourcecode.swift; path = Environment.swift; sourceTree = "<group>"; };
		0B00E027287DBA8400707F26 /* CryptoAuthenticator.swift */ = {isa = PBXFileReference; lastKnownFileType = sourcecode.swift; path = CryptoAuthenticator.swift; sourceTree = "<group>"; };
		0B00E02D287F6AE500707F26 /* CybridError.swift */ = {isa = PBXFileReference; lastKnownFileType = sourcecode.swift; path = CybridError.swift; sourceTree = "<group>"; };
		0B00E031287F6C1500707F26 /* MockCybridAuthenticator.swift */ = {isa = PBXFileReference; lastKnownFileType = sourcecode.swift; path = MockCybridAuthenticator.swift; sourceTree = "<group>"; };
		0B00E033287F6D1000707F26 /* CybridAuthenticator.swift */ = {isa = PBXFileReference; lastKnownFileType = sourcecode.swift; path = CybridAuthenticator.swift; sourceTree = "<group>"; };
		0B00E03B287F7BA500707F26 /* CybridSessionTests.swift */ = {isa = PBXFileReference; lastKnownFileType = sourcecode.swift; path = CybridSessionTests.swift; sourceTree = "<group>"; };
		0B00E03D287F803800707F26 /* MockAPIManager.swift */ = {isa = PBXFileReference; lastKnownFileType = sourcecode.swift; path = MockAPIManager.swift; sourceTree = "<group>"; };
		0B00E03F287F81A500707F26 /* CybridAPIManager.swift */ = {isa = PBXFileReference; lastKnownFileType = sourcecode.swift; path = CybridAPIManager.swift; sourceTree = "<group>"; };
		0B00E045287FBEDC00707F26 /* PriceListDataProviderMock.swift */ = {isa = PBXFileReference; lastKnownFileType = sourcecode.swift; path = PriceListDataProviderMock.swift; sourceTree = "<group>"; };
		0B00E047287FC4C800707F26 /* EnvironmentTests.swift */ = {isa = PBXFileReference; lastKnownFileType = sourcecode.swift; path = EnvironmentTests.swift; sourceTree = "<group>"; };
		0B00E04B2885AD8D00707F26 /* PricesRepository.swift */ = {isa = PBXFileReference; lastKnownFileType = sourcecode.swift; path = PricesRepository.swift; sourceTree = "<group>"; };
		0B00E04D2885ADB300707F26 /* AssetsRepository.swift */ = {isa = PBXFileReference; lastKnownFileType = sourcecode.swift; path = AssetsRepository.swift; sourceTree = "<group>"; };
		0B00E0512886F01A00707F26 /* AssetsAPIMock.swift */ = {isa = PBXFileReference; lastKnownFileType = sourcecode.swift; path = AssetsAPIMock.swift; sourceTree = "<group>"; };
		0B00E0532886F21900707F26 /* AssetsListMock.swift */ = {isa = PBXFileReference; lastKnownFileType = sourcecode.swift; path = AssetsListMock.swift; sourceTree = "<group>"; };
		0B00E0562886F25F00707F26 /* PricesAPIMock.swift */ = {isa = PBXFileReference; lastKnownFileType = sourcecode.swift; path = PricesAPIMock.swift; sourceTree = "<group>"; };
		0B00E0582887022B00707F26 /* PriceListMock.swift */ = {isa = PBXFileReference; lastKnownFileType = sourcecode.swift; path = PriceListMock.swift; sourceTree = "<group>"; };
		0B00E05B2887256B00707F26 /* UIView+Keyboard.swift */ = {isa = PBXFileReference; lastKnownFileType = sourcecode.swift; path = "UIView+Keyboard.swift"; sourceTree = "<group>"; };
		0B078F0D28497B070020B4F7 /* CybridSDK.framework */ = {isa = PBXFileReference; explicitFileType = wrapper.framework; includeInIndex = 0; path = CybridSDK.framework; sourceTree = BUILT_PRODUCTS_DIR; };
		0B078F1028497B070020B4F7 /* CybridSDK.h */ = {isa = PBXFileReference; lastKnownFileType = sourcecode.c.h; path = CybridSDK.h; sourceTree = "<group>"; };
		0B078F1128497B070020B4F7 /* CybridSDK.docc */ = {isa = PBXFileReference; lastKnownFileType = folder.documentationcatalog; path = CybridSDK.docc; sourceTree = "<group>"; };
		0B078F1728497B070020B4F7 /* CybridSDKTests.xctest */ = {isa = PBXFileReference; explicitFileType = wrapper.cfbundle; includeInIndex = 0; path = CybridSDKTests.xctest; sourceTree = BUILT_PRODUCTS_DIR; };
		0B2899DF288E4860001B3360 /* AuthenticatedServiceProvider.swift */ = {isa = PBXFileReference; lastKnownFileType = sourcecode.swift; path = AuthenticatedServiceProvider.swift; sourceTree = "<group>"; };
		0B2899E4288EE764001B3360 /* TimerType.swift */ = {isa = PBXFileReference; lastKnownFileType = sourcecode.swift; path = TimerType.swift; sourceTree = "<group>"; };
		0B2899E8288F3E1F001B3360 /* Cybrid.swift */ = {isa = PBXFileReference; lastKnownFileType = sourcecode.swift; path = Cybrid.swift; sourceTree = "<group>"; };
		0B2899EC288F4BE5001B3360 /* TaskSchedulerMock.swift */ = {isa = PBXFileReference; lastKnownFileType = sourcecode.swift; path = TaskSchedulerMock.swift; sourceTree = "<group>"; };
		0B2899F1288F53FE001B3360 /* NotificationCenterMock.swift */ = {isa = PBXFileReference; lastKnownFileType = sourcecode.swift; path = NotificationCenterMock.swift; sourceTree = "<group>"; };
		0B2899F3289049F3001B3360 /* TimerMock.swift */ = {isa = PBXFileReference; lastKnownFileType = sourcecode.swift; path = TimerMock.swift; sourceTree = "<group>"; };
		0B2899F528904B11001B3360 /* TaskSchedulerTests.swift */ = {isa = PBXFileReference; lastKnownFileType = sourcecode.swift; path = TaskSchedulerTests.swift; sourceTree = "<group>"; };
		0B2899F728942C54001B3360 /* CybridJSONDecoder.swift */ = {isa = PBXFileReference; lastKnownFileType = sourcecode.swift; path = CybridJSONDecoder.swift; sourceTree = "<group>"; };
		0B2899F92894653F001B3360 /* CybridJSONDecoderTests.swift */ = {isa = PBXFileReference; lastKnownFileType = sourcecode.swift; path = CybridJSONDecoderTests.swift; sourceTree = "<group>"; };
		0B2899FD289467EE001B3360 /* listPricesResponse.json */ = {isa = PBXFileReference; lastKnownFileType = text.json; path = listPricesResponse.json; sourceTree = "<group>"; };
		0B2899FF28946B52001B3360 /* JSONMockHelper.swift */ = {isa = PBXFileReference; lastKnownFileType = sourcecode.swift; path = JSONMockHelper.swift; sourceTree = "<group>"; };
		0B289A0128946F53001B3360 /* listLargestPricesResponse.json */ = {isa = PBXFileReference; lastKnownFileType = text.json; path = listLargestPricesResponse.json; sourceTree = "<group>"; };
		0B289A04289CE525001B3360 /* BuyQuoteViewModel.swift */ = {isa = PBXFileReference; lastKnownFileType = sourcecode.swift; path = BuyQuoteViewModel.swift; sourceTree = "<group>"; };
		0B289A06289E29D4001B3360 /* AssetBankModel+Extensions.swift */ = {isa = PBXFileReference; lastKnownFileType = sourcecode.swift; path = "AssetBankModel+Extensions.swift"; sourceTree = "<group>"; };
		0B289A09289E333C001B3360 /* CYBTextField.swift */ = {isa = PBXFileReference; lastKnownFileType = sourcecode.swift; path = CYBTextField.swift; sourceTree = "<group>"; };
		0B289A0C28A2C7B5001B3360 /* Assets.xcassets */ = {isa = PBXFileReference; lastKnownFileType = folder.assetcatalog; path = Assets.xcassets; sourceTree = "<group>"; };
		0B2B2A6C28621D5C002F0EC1 /* ColorTheme.swift */ = {isa = PBXFileReference; lastKnownFileType = sourcecode.swift; path = ColorTheme.swift; sourceTree = "<group>"; };
		0B2B2A7028621DA7002F0EC1 /* FontTheme.swift */ = {isa = PBXFileReference; lastKnownFileType = sourcecode.swift; path = FontTheme.swift; sourceTree = "<group>"; };
		0B2B2A8428629031002F0EC1 /* UIColor+Extensions.swift */ = {isa = PBXFileReference; lastKnownFileType = sourcecode.swift; path = "UIColor+Extensions.swift"; sourceTree = "<group>"; };
		0B2B2A862862906E002F0EC1 /* UILabel+Extensions.swift */ = {isa = PBXFileReference; indentWidth = 2; lastKnownFileType = sourcecode.swift; path = "UILabel+Extensions.swift"; sourceTree = "<group>"; tabWidth = 2; };
		0B2B2A8828629324002F0EC1 /* Theme.swift */ = {isa = PBXFileReference; lastKnownFileType = sourcecode.swift; path = Theme.swift; sourceTree = "<group>"; };
		0B303CDE2862DD2C007BF7FF /* UIConstants.swift */ = {isa = PBXFileReference; lastKnownFileType = sourcecode.swift; path = UIConstants.swift; sourceTree = "<group>"; };
		0B303CE02862E062007BF7FF /* FormatStyle.swift */ = {isa = PBXFileReference; lastKnownFileType = sourcecode.swift; path = FormatStyle.swift; sourceTree = "<group>"; };
		0B303CE32862E5D9007BF7FF /* CybridConfig.swift */ = {isa = PBXFileReference; lastKnownFileType = sourcecode.swift; path = CybridConfig.swift; sourceTree = "<group>"; };
		0B303CE62862E7E3007BF7FF /* UIColorExtensionsTests.swift */ = {isa = PBXFileReference; lastKnownFileType = sourcecode.swift; path = UIColorExtensionsTests.swift; sourceTree = "<group>"; };
		0B303CE82862F5BB007BF7FF /* UILabelExtensionsTests.swift */ = {isa = PBXFileReference; lastKnownFileType = sourcecode.swift; path = UILabelExtensionsTests.swift; sourceTree = "<group>"; };
		0B303CEB2862F898007BF7FF /* ColorThemeTests.swift */ = {isa = PBXFileReference; lastKnownFileType = sourcecode.swift; path = ColorThemeTests.swift; sourceTree = "<group>"; };
		0B303CF228636A0D007BF7FF /* CybridConfigTests.swift */ = {isa = PBXFileReference; lastKnownFileType = sourcecode.swift; path = CybridConfigTests.swift; sourceTree = "<group>"; };
		0B557B912899F4DE00632A6D /* SellQuoteViewController.swift */ = {isa = PBXFileReference; fileEncoding = 4; lastKnownFileType = sourcecode.swift; path = SellQuoteViewController.swift; sourceTree = "<group>"; };
		0B557B922899F4DE00632A6D /* BuyQuoteViewController.swift */ = {isa = PBXFileReference; fileEncoding = 4; lastKnownFileType = sourcecode.swift; path = BuyQuoteViewController.swift; sourceTree = "<group>"; };
		0B557B932899F4DE00632A6D /* TradeViewController.swift */ = {isa = PBXFileReference; fileEncoding = 4; lastKnownFileType = sourcecode.swift; path = TradeViewController.swift; sourceTree = "<group>"; };
		0B557B972899F56900632A6D /* CYBButton.swift */ = {isa = PBXFileReference; fileEncoding = 4; lastKnownFileType = sourcecode.swift; path = CYBButton.swift; sourceTree = "<group>"; };
		0B6175D3288B7853004E4F5B /* TaskScheduler.swift */ = {isa = PBXFileReference; lastKnownFileType = sourcecode.swift; path = TaskScheduler.swift; sourceTree = "<group>"; };
		0B966003285A85C600584692 /* AsyncOperationTests.swift */ = {isa = PBXFileReference; lastKnownFileType = sourcecode.swift; path = AsyncOperationTests.swift; sourceTree = "<group>"; };
		0B966007285A92E700584692 /* XCTestCase+expectFailure.swift */ = {isa = PBXFileReference; lastKnownFileType = sourcecode.swift; path = "XCTestCase+expectFailure.swift"; sourceTree = "<group>"; };
		0B966009285A96B700584692 /* AssertionFailureOverride.swift */ = {isa = PBXFileReference; lastKnownFileType = sourcecode.swift; path = AssertionFailureOverride.swift; sourceTree = "<group>"; };
		0B96600C285A9A3100584692 /* MockAsyncOperation.swift */ = {isa = PBXFileReference; lastKnownFileType = sourcecode.swift; path = MockAsyncOperation.swift; sourceTree = "<group>"; };
		0B966010285AA24300584692 /* AssertionFailureOverrideTests.swift */ = {isa = PBXFileReference; lastKnownFileType = sourcecode.swift; path = AssertionFailureOverrideTests.swift; sourceTree = "<group>"; };
		0B966012285AA2EB00584692 /* URLImageViewTests.swift */ = {isa = PBXFileReference; indentWidth = 2; lastKnownFileType = sourcecode.swift; path = URLImageViewTests.swift; sourceTree = "<group>"; tabWidth = 2; };
		0B966018285AE8D300584692 /* MockURLSession.swift */ = {isa = PBXFileReference; lastKnownFileType = sourcecode.swift; path = MockURLSession.swift; sourceTree = "<group>"; };
		0B96601D285AF03700584692 /* TestAssets.xcassets */ = {isa = PBXFileReference; lastKnownFileType = folder.assetcatalog; path = TestAssets.xcassets; sourceTree = "<group>"; };
		0B966024285C2CEF00584692 /* MockDispatchQueue.swift */ = {isa = PBXFileReference; lastKnownFileType = sourcecode.swift; path = MockDispatchQueue.swift; sourceTree = "<group>"; };
		0B966026285C2E8600584692 /* MockImageOperation.swift */ = {isa = PBXFileReference; lastKnownFileType = sourcecode.swift; path = MockImageOperation.swift; sourceTree = "<group>"; };
		0B966028285C38F500584692 /* URLImageOperationTests.swift */ = {isa = PBXFileReference; lastKnownFileType = sourcecode.swift; path = URLImageOperationTests.swift; sourceTree = "<group>"; };
		0B96602A285C3AC600584692 /* NetworkingInterfaceTests.swift */ = {isa = PBXFileReference; lastKnownFileType = sourcecode.swift; path = NetworkingInterfaceTests.swift; sourceTree = "<group>"; };
		0B99D1E62849CCE500837E05 /* CybridSDK.podspec */ = {isa = PBXFileReference; explicitFileType = text.script.ruby; fileEncoding = 4; path = CybridSDK.podspec; sourceTree = "<group>"; xcLanguageSpecificationIdentifier = xcode.lang.ruby; };
		0BBCF613285C43E000D39C6D /* CybridSDKTestApp.app */ = {isa = PBXFileReference; explicitFileType = wrapper.application; includeInIndex = 0; path = CybridSDKTestApp.app; sourceTree = BUILT_PRODUCTS_DIR; };
		0BBCF615285C43E000D39C6D /* AppDelegate.swift */ = {isa = PBXFileReference; lastKnownFileType = sourcecode.swift; path = AppDelegate.swift; sourceTree = "<group>"; };
		0BBCF617285C43E000D39C6D /* SceneDelegate.swift */ = {isa = PBXFileReference; lastKnownFileType = sourcecode.swift; path = SceneDelegate.swift; sourceTree = "<group>"; };
		0BBCF61E285C43E000D39C6D /* Assets.xcassets */ = {isa = PBXFileReference; lastKnownFileType = folder.assetcatalog; path = Assets.xcassets; sourceTree = "<group>"; };
		0BBCF623285C43E000D39C6D /* Info.plist */ = {isa = PBXFileReference; lastKnownFileType = text.plist.xml; path = Info.plist; sourceTree = "<group>"; };
		0BBCF63F285C52D700D39C6D /* MockError.swift */ = {isa = PBXFileReference; fileEncoding = 4; lastKnownFileType = sourcecode.swift; path = MockError.swift; sourceTree = "<group>"; };
		0BD0A4E628582FB700C10744 /* README.md */ = {isa = PBXFileReference; fileEncoding = 4; lastKnownFileType = net.daringfireball.markdown; path = README.md; sourceTree = "<group>"; };
		0BD26F2228A55D4800ED2A1B /* CybridEvent.swift */ = {isa = PBXFileReference; fileEncoding = 4; lastKnownFileType = sourcecode.swift; path = CybridEvent.swift; sourceTree = "<group>"; };
		0BD26F2328A55D4800ED2A1B /* CybridLogger.swift */ = {isa = PBXFileReference; fileEncoding = 4; lastKnownFileType = sourcecode.swift; path = CybridLogger.swift; sourceTree = "<group>"; };
		0BD26F2828A55D7F00ED2A1B /* ClientLogger.swift */ = {isa = PBXFileReference; fileEncoding = 4; lastKnownFileType = sourcecode.swift; path = ClientLogger.swift; sourceTree = "<group>"; };
		0BD660F6286B761200F4DA6B /* NetworkingInterfaces.swift */ = {isa = PBXFileReference; fileEncoding = 4; lastKnownFileType = sourcecode.swift; path = NetworkingInterfaces.swift; sourceTree = "<group>"; };
		0BD660F9286B763E00F4DA6B /* URLImageOperation.swift */ = {isa = PBXFileReference; fileEncoding = 4; lastKnownFileType = sourcecode.swift; path = URLImageOperation.swift; sourceTree = "<group>"; };
		0BD660FA286B763E00F4DA6B /* ConcurrencyInterfaces.swift */ = {isa = PBXFileReference; fileEncoding = 4; lastKnownFileType = sourcecode.swift; path = ConcurrencyInterfaces.swift; sourceTree = "<group>"; };
		0BD660FB286B763E00F4DA6B /* AsyncOperation.swift */ = {isa = PBXFileReference; fileEncoding = 4; lastKnownFileType = sourcecode.swift; path = AsyncOperation.swift; sourceTree = "<group>"; };
		0BD66102286B768300F4DA6B /* CryptoPriceTableHeaderView.swift */ = {isa = PBXFileReference; fileEncoding = 4; lastKnownFileType = sourcecode.swift; path = CryptoPriceTableHeaderView.swift; sourceTree = "<group>"; };
		0BD66103286B768300F4DA6B /* CryptoPriceTableViewCell.swift */ = {isa = PBXFileReference; fileEncoding = 4; indentWidth = 2; lastKnownFileType = sourcecode.swift; path = CryptoPriceTableViewCell.swift; sourceTree = "<group>"; tabWidth = 2; };
		0BD66106286B768C00F4DA6B /* CryptoPriceListView.swift */ = {isa = PBXFileReference; fileEncoding = 4; indentWidth = 2; lastKnownFileType = sourcecode.swift; path = CryptoPriceListView.swift; sourceTree = "<group>"; tabWidth = 2; };
		0BD66107286B768C00F4DA6B /* CryptoPriceViewModel.swift */ = {isa = PBXFileReference; fileEncoding = 4; indentWidth = 2; lastKnownFileType = sourcecode.swift; path = CryptoPriceViewModel.swift; sourceTree = "<group>"; tabWidth = 2; };
		0BD66108286B768C00F4DA6B /* CryptoPriceModel.swift */ = {isa = PBXFileReference; fileEncoding = 4; lastKnownFileType = sourcecode.swift; path = CryptoPriceModel.swift; sourceTree = "<group>"; };
		0BD6610C286B769800F4DA6B /* Observable.swift */ = {isa = PBXFileReference; fileEncoding = 4; lastKnownFileType = sourcecode.swift; path = Observable.swift; sourceTree = "<group>"; };
		0BD66110286B76DC00F4DA6B /* URLImageView.swift */ = {isa = PBXFileReference; fileEncoding = 4; lastKnownFileType = sourcecode.swift; path = URLImageView.swift; sourceTree = "<group>"; };
		0BD66112286B76F300F4DA6B /* RootViewController.swift */ = {isa = PBXFileReference; fileEncoding = 4; indentWidth = 2; lastKnownFileType = sourcecode.swift; path = RootViewController.swift; sourceTree = "<group>"; tabWidth = 2; };
		0BD66113286B76F300F4DA6B /* CryptoPriceListTestVC.swift */ = {isa = PBXFileReference; fileEncoding = 4; lastKnownFileType = sourcecode.swift; path = CryptoPriceListTestVC.swift; sourceTree = "<group>"; };
		0BD66116286B79C500F4DA6B /* UIView+Constraints.swift */ = {isa = PBXFileReference; fileEncoding = 4; lastKnownFileType = sourcecode.swift; path = "UIView+Constraints.swift"; sourceTree = "<group>"; };
		0BD6611A286C197B00F4DA6B /* UIViewConstraintsTests.swift */ = {isa = PBXFileReference; indentWidth = 2; lastKnownFileType = sourcecode.swift; path = UIViewConstraintsTests.swift; sourceTree = "<group>"; tabWidth = 2; };
		0BD6611C286C1D5B00F4DA6B /* CurrencyFormatterTests.swift */ = {isa = PBXFileReference; indentWidth = 2; lastKnownFileType = sourcecode.swift; path = CurrencyFormatterTests.swift; sourceTree = "<group>"; tabWidth = 2; };
		0BD6611E286C1EB800F4DA6B /* ObservableTests.swift */ = {isa = PBXFileReference; indentWidth = 2; lastKnownFileType = sourcecode.swift; path = ObservableTests.swift; sourceTree = "<group>"; tabWidth = 2; };
		0BD66122286C20BC00F4DA6B /* CryptoPriceViewModelTests.swift */ = {isa = PBXFileReference; indentWidth = 2; lastKnownFileType = sourcecode.swift; path = CryptoPriceViewModelTests.swift; sourceTree = "<group>"; tabWidth = 2; };
		0BD66124286D7C0400F4DA6B /* Localizer.swift */ = {isa = PBXFileReference; indentWidth = 2; lastKnownFileType = sourcecode.swift; path = Localizer.swift; sourceTree = "<group>"; tabWidth = 2; };
		0BD66129286DE86A00F4DA6B /* CybridLocalizationKey.swift */ = {isa = PBXFileReference; lastKnownFileType = sourcecode.swift; path = CybridLocalizationKey.swift; sourceTree = "<group>"; };
		0BD661322872A05B00F4DA6B /* LocalizationTests.swift */ = {isa = PBXFileReference; lastKnownFileType = sourcecode.swift; path = LocalizationTests.swift; sourceTree = "<group>"; };
		0BD661362872BB0A00F4DA6B /* AssetPathBuilder.swift */ = {isa = PBXFileReference; lastKnownFileType = sourcecode.swift; path = AssetPathBuilder.swift; sourceTree = "<group>"; };
		0BD661392872BC0B00F4DA6B /* CybridCurrencyFormatter.swift */ = {isa = PBXFileReference; lastKnownFileType = sourcecode.swift; path = CybridCurrencyFormatter.swift; sourceTree = "<group>"; };
		0BD6613B28734F2900F4DA6B /* Info.plist */ = {isa = PBXFileReference; lastKnownFileType = text.plist.xml; path = Info.plist; sourceTree = "<group>"; };
		0BD6613D2874AFAA00F4DA6B /* MockNumberFormatter.swift */ = {isa = PBXFileReference; lastKnownFileType = sourcecode.swift; path = MockNumberFormatter.swift; sourceTree = "<group>"; };
		0BFF87542896267C00E44C74 /* listAssetsResponse.json */ = {isa = PBXFileReference; lastKnownFileType = text.json; path = listAssetsResponse.json; sourceTree = "<group>"; };
/* End PBXFileReference section */

/* Begin PBXFrameworksBuildPhase section */
		0B078F0A28497B070020B4F7 /* Frameworks */ = {
			isa = PBXFrameworksBuildPhase;
			buildActionMask = 2147483647;
			files = (
			);
			runOnlyForDeploymentPostprocessing = 0;
		};
		0B078F1428497B070020B4F7 /* Frameworks */ = {
			isa = PBXFrameworksBuildPhase;
			buildActionMask = 2147483647;
			files = (
				0B078F1828497B070020B4F7 /* CybridSDK.framework in Frameworks */,
			);
			runOnlyForDeploymentPostprocessing = 0;
		};
		0BBCF610285C43E000D39C6D /* Frameworks */ = {
			isa = PBXFrameworksBuildPhase;
			buildActionMask = 2147483647;
			files = (
				0B00E0052877E56A00707F26 /* CybridSDK.framework in Frameworks */,
			);
			runOnlyForDeploymentPostprocessing = 0;
		};
/* End PBXFrameworksBuildPhase section */

/* Begin PBXGroup section */
		0B00E0202878D20F00707F26 /* Service Layer */ = {
			isa = PBXGroup;
			children = (
				0B2899DF288E4860001B3360 /* AuthenticatedServiceProvider.swift */,
				0B00E03F287F81A500707F26 /* CybridAPIManager.swift */,
				0B00E0212878D23100707F26 /* CybridSession.swift */,
				0B6175D2288B7806004E4F5B /* Repositories */,
			);
			path = "Service Layer";
			sourceTree = "<group>";
		};
		0B00E025287DBA6300707F26 /* ViewControllers */ = {
			isa = PBXGroup;
			children = (
				0BD66113286B76F300F4DA6B /* CryptoPriceListTestVC.swift */,
				0BD66112286B76F300F4DA6B /* RootViewController.swift */,
			);
			name = ViewControllers;
			sourceTree = "<group>";
		};
		0B00E026287DBA7300707F26 /* Auth */ = {
			isa = PBXGroup;
			children = (
				0B00E027287DBA8400707F26 /* CryptoAuthenticator.swift */,
			);
			name = Auth;
			sourceTree = "<group>";
		};
		0B00E02C287F6ABD00707F26 /* Error Management */ = {
			isa = PBXGroup;
			children = (
				0B00E02D287F6AE500707F26 /* CybridError.swift */,
			);
			path = "Error Management";
			sourceTree = "<group>";
		};
		0B00E03A287F7B5D00707F26 /* Services Tests */ = {
			isa = PBXGroup;
			children = (
				0B00E03B287F7BA500707F26 /* CybridSessionTests.swift */,
			);
			path = "Services Tests";
			sourceTree = "<group>";
		};
		0B00E0502886F00B00707F26 /* Assets */ = {
			isa = PBXGroup;
			children = (
				0B00E0512886F01A00707F26 /* AssetsAPIMock.swift */,
				0B00E0532886F21900707F26 /* AssetsListMock.swift */,
			);
			path = Assets;
			sourceTree = "<group>";
		};
		0B00E0552886F23800707F26 /* Prices */ = {
			isa = PBXGroup;
			children = (
				0B00E045287FBEDC00707F26 /* PriceListDataProviderMock.swift */,
				0B00E0562886F25F00707F26 /* PricesAPIMock.swift */,
				0B00E0582887022B00707F26 /* PriceListMock.swift */,
			);
			path = Prices;
			sourceTree = "<group>";
		};
		0B00E05A2887255900707F26 /* UIView */ = {
			isa = PBXGroup;
			children = (
				0BD66116286B79C500F4DA6B /* UIView+Constraints.swift */,
				0B00E05B2887256B00707F26 /* UIView+Keyboard.swift */,
			);
			path = UIView;
			sourceTree = "<group>";
		};
		0B06A9CD28A55D0400AD43F2 /* Logger */ = {
			isa = PBXGroup;
			children = (
				0BD26F2228A55D4800ED2A1B /* CybridEvent.swift */,
				0BD26F2328A55D4800ED2A1B /* CybridLogger.swift */,
			);
			path = Logger;
			sourceTree = "<group>";
		};
		0B078F0328497B070020B4F7 = {
			isa = PBXGroup;
			children = (
				0B965FF728599DF200584692 /* Documentation */,
				0B965FF628599DD800584692 /* Deployment */,
				0B078F0F28497B070020B4F7 /* CybridSDK */,
				0B078F1B28497B070020B4F7 /* CybridSDKTests */,
				0BBCF614285C43E000D39C6D /* CybridSDKTestApp */,
				0B078F0E28497B070020B4F7 /* Products */,
				81407DEC5E3C66990E8215E8 /* Pods */,
			);
			sourceTree = "<group>";
		};
		0B078F0E28497B070020B4F7 /* Products */ = {
			isa = PBXGroup;
			children = (
				0B078F0D28497B070020B4F7 /* CybridSDK.framework */,
				0B078F1728497B070020B4F7 /* CybridSDKTests.xctest */,
				0BBCF613285C43E000D39C6D /* CybridSDKTestApp.app */,
			);
			name = Products;
			sourceTree = "<group>";
		};
		0B078F0F28497B070020B4F7 /* CybridSDK */ = {
			isa = PBXGroup;
			children = (
				0B00E02C287F6ABD00707F26 /* Error Management */,
				0B2B2A832862901A002F0EC1 /* Framework Extensions */,
				0B303CE22862E5C5007BF7FF /* Core */,
				0B289A0B28A2C79E001B3360 /* Resources */,
				0B00E0202878D20F00707F26 /* Service Layer */,
				0B965FF828599E3A00584692 /* Supporting Files */,
				0B965FFC28599FE700584692 /* Utilities */,
				0BD660FF286B765900F4DA6B /* View Layer */,
			);
			path = CybridSDK;
			sourceTree = "<group>";
		};
		0B078F1B28497B070020B4F7 /* CybridSDKTests */ = {
			isa = PBXGroup;
			children = (
				0B96601A285AEB9100584692 /* Resources */,
				0B96600B285A9A1A00584692 /* Mocks */,
				0B966006285A92C000584692 /* Extensions */,
				0B303CE52862E7BC007BF7FF /* Extensions Tests */,
				0B303CF1286369F7007BF7FF /* Core Tests */,
				0BD661312872A04800F4DA6B /* Localization Tests */,
				0B00E03A287F7B5D00707F26 /* Services Tests */,
				0B303CEA2862F888007BF7FF /* Theme Tests */,
				0B966005285A85FA00584692 /* Utilities Tests */,
				0BD66120286C208600F4DA6B /* ViewModel Tests */,
			);
			path = CybridSDKTests;
			sourceTree = "<group>";
		};
		0B2899E3288EE747001B3360 /* Scheduler */ = {
			isa = PBXGroup;
			children = (
				0B6175D3288B7853004E4F5B /* TaskScheduler.swift */,
				0B2899E4288EE764001B3360 /* TimerType.swift */,
			);
			path = Scheduler;
			sourceTree = "<group>";
		};
		0B2899E6288F3DF6001B3360 /* Auth */ = {
			isa = PBXGroup;
			children = (
				0B00E033287F6D1000707F26 /* CybridAuthenticator.swift */,
			);
			path = Auth;
			sourceTree = "<group>";
		};
		0B2899E7288F3DFF001B3360 /* Config */ = {
			isa = PBXGroup;
			children = (
				0B303CE32862E5D9007BF7FF /* CybridConfig.swift */,
				0B00E023287CD72D00707F26 /* Environment.swift */,
			);
			path = Config;
			sourceTree = "<group>";
		};
		0B2899EB288F4BC4001B3360 /* Concurrency */ = {
			isa = PBXGroup;
			children = (
				0B966024285C2CEF00584692 /* MockDispatchQueue.swift */,
				0B96600C285A9A3100584692 /* MockAsyncOperation.swift */,
				0B966026285C2E8600584692 /* MockImageOperation.swift */,
				0B2899EC288F4BE5001B3360 /* TaskSchedulerMock.swift */,
				0B2899F3289049F3001B3360 /* TimerMock.swift */,
			);
			path = Concurrency;
			sourceTree = "<group>";
		};
		0B2899EE288F51A8001B3360 /* Events */ = {
			isa = PBXGroup;
			children = (
				0BD6610C286B769800F4DA6B /* Observable.swift */,
			);
			path = Events;
			sourceTree = "<group>";
		};
		0B2899EF288F51BD001B3360 /* Overrides */ = {
			isa = PBXGroup;
			children = (
				0B966009285A96B700584692 /* AssertionFailureOverride.swift */,
			);
			path = Overrides;
			sourceTree = "<group>";
		};
		0B2899FC289467C1001B3360 /* JSON */ = {
			isa = PBXGroup;
			children = (
				0B2899FD289467EE001B3360 /* listPricesResponse.json */,
				0BFF87542896267C00E44C74 /* listAssetsResponse.json */,
				0B289A0128946F53001B3360 /* listLargestPricesResponse.json */,
				0B2899FF28946B52001B3360 /* JSONMockHelper.swift */,
			);
			path = JSON;
			sourceTree = "<group>";
		};
		0B289A03289CE514001B3360 /* Buy Quote */ = {
			isa = PBXGroup;
			children = (
				0B557B922899F4DE00632A6D /* BuyQuoteViewController.swift */,
				0B289A04289CE525001B3360 /* BuyQuoteViewModel.swift */,
			);
			path = "Buy Quote";
			sourceTree = "<group>";
		};
		0B289A08289E3325001B3360 /* TextFields */ = {
			isa = PBXGroup;
			children = (
				0B289A09289E333C001B3360 /* CYBTextField.swift */,
			);
			path = TextFields;
			sourceTree = "<group>";
		};
		0B289A0B28A2C79E001B3360 /* Resources */ = {
			isa = PBXGroup;
			children = (
				0B289A0C28A2C7B5001B3360 /* Assets.xcassets */,
			);
			path = Resources;
			sourceTree = "<group>";
		};
		0B2B2A6B28621D35002F0EC1 /* Theme */ = {
			isa = PBXGroup;
			children = (
				0B2B2A6C28621D5C002F0EC1 /* ColorTheme.swift */,
				0B2B2A7028621DA7002F0EC1 /* FontTheme.swift */,
				0B2B2A8828629324002F0EC1 /* Theme.swift */,
				0B303CDE2862DD2C007BF7FF /* UIConstants.swift */,
			);
			path = Theme;
			sourceTree = "<group>";
		};
		0B2B2A832862901A002F0EC1 /* Framework Extensions */ = {
			isa = PBXGroup;
			children = (
				0B00E05A2887255900707F26 /* UIView */,
				0B2B2A8428629031002F0EC1 /* UIColor+Extensions.swift */,
				0B2B2A862862906E002F0EC1 /* UILabel+Extensions.swift */,
				0B00E0032877DF7F00707F26 /* Bundle+Extensions.swift */,
				0B289A06289E29D4001B3360 /* AssetBankModel+Extensions.swift */,
			);
			path = "Framework Extensions";
			sourceTree = "<group>";
		};
		0B303CE22862E5C5007BF7FF /* Core */ = {
			isa = PBXGroup;
			children = (
				0B06A9CD28A55D0400AD43F2 /* Logger */,
				0B2899E6288F3DF6001B3360 /* Auth */,
				0B2899E7288F3DFF001B3360 /* Config */,
				0B2B2A6B28621D35002F0EC1 /* Theme */,
				0B2899E8288F3E1F001B3360 /* Cybrid.swift */,
			);
			path = Core;
			sourceTree = "<group>";
		};
		0B303CE52862E7BC007BF7FF /* Extensions Tests */ = {
			isa = PBXGroup;
			children = (
				0B00E01A2877EED600707F26 /* BundleExtensionsTests.swift */,
				0B303CE62862E7E3007BF7FF /* UIColorExtensionsTests.swift */,
				0B303CE82862F5BB007BF7FF /* UILabelExtensionsTests.swift */,
				0BD6611A286C197B00F4DA6B /* UIViewConstraintsTests.swift */,
			);
			path = "Extensions Tests";
			sourceTree = "<group>";
		};
		0B303CEA2862F888007BF7FF /* Theme Tests */ = {
			isa = PBXGroup;
			children = (
				0B303CEB2862F898007BF7FF /* ColorThemeTests.swift */,
			);
			path = "Theme Tests";
			sourceTree = "<group>";
		};
		0B303CF1286369F7007BF7FF /* Core Tests */ = {
			isa = PBXGroup;
			children = (
				0B00E047287FC4C800707F26 /* EnvironmentTests.swift */,
				0B303CF228636A0D007BF7FF /* CybridConfigTests.swift */,
			);
			path = "Core Tests";
			sourceTree = "<group>";
		};
		0B557B902899F4CB00632A6D /* Trade */ = {
			isa = PBXGroup;
			children = (
				0B289A03289CE514001B3360 /* Buy Quote */,
				0B557B932899F4DE00632A6D /* TradeViewController.swift */,
				0B557B912899F4DE00632A6D /* SellQuoteViewController.swift */,
			);
			path = Trade;
			sourceTree = "<group>";
		};
		0B6175D2288B7806004E4F5B /* Repositories */ = {
			isa = PBXGroup;
			children = (
				0B00E04B2885AD8D00707F26 /* PricesRepository.swift */,
				0B00E04D2885ADB300707F26 /* AssetsRepository.swift */,
			);
			path = Repositories;
			sourceTree = "<group>";
		};
		0B965FF628599DD800584692 /* Deployment */ = {
			isa = PBXGroup;
			children = (
				0B99D1E62849CCE500837E05 /* CybridSDK.podspec */,
			);
			name = Deployment;
			sourceTree = "<group>";
		};
		0B965FF728599DF200584692 /* Documentation */ = {
			isa = PBXGroup;
			children = (
				0BD0A4E628582FB700C10744 /* README.md */,
				0B078F1128497B070020B4F7 /* CybridSDK.docc */,
			);
			name = Documentation;
			sourceTree = "<group>";
		};
		0B965FF828599E3A00584692 /* Supporting Files */ = {
			isa = PBXGroup;
			children = (
				0BD6613B28734F2900F4DA6B /* Info.plist */,
				0B078F1028497B070020B4F7 /* CybridSDK.h */,
			);
			name = "Supporting Files";
			sourceTree = "<group>";
		};
		0B965FFC28599FE700584692 /* Utilities */ = {
			isa = PBXGroup;
			children = (
				0B2899EE288F51A8001B3360 /* Events */,
				0BD661382872BBE900F4DA6B /* Formatters */,
				0BD661352872BAF100F4DA6B /* Resources */,
				0BD660F8286B762C00F4DA6B /* Concurrency */,
				0BD660F5286B75FF00F4DA6B /* Networking */,
				0B2899EF288F51BD001B3360 /* Overrides */,
			);
			path = Utilities;
			sourceTree = "<group>";
		};
		0B966005285A85FA00584692 /* Utilities Tests */ = {
			isa = PBXGroup;
			children = (
				0BD6611C286C1D5B00F4DA6B /* CurrencyFormatterTests.swift */,
				0B966003285A85C600584692 /* AsyncOperationTests.swift */,
				0B966010285AA24300584692 /* AssertionFailureOverrideTests.swift */,
				0B966012285AA2EB00584692 /* URLImageViewTests.swift */,
				0B966028285C38F500584692 /* URLImageOperationTests.swift */,
				0B96602A285C3AC600584692 /* NetworkingInterfaceTests.swift */,
				0BD6611E286C1EB800F4DA6B /* ObservableTests.swift */,
				0B00E01E2878A16800707F26 /* BigDecimalTests.swift */,
				0B2899F528904B11001B3360 /* TaskSchedulerTests.swift */,
				0B2899F92894653F001B3360 /* CybridJSONDecoderTests.swift */,
			);
			path = "Utilities Tests";
			sourceTree = "<group>";
		};
		0B966006285A92C000584692 /* Extensions */ = {
			isa = PBXGroup;
			children = (
				0B966007285A92E700584692 /* XCTestCase+expectFailure.swift */,
			);
			path = Extensions;
			sourceTree = "<group>";
		};
		0B96600B285A9A1A00584692 /* Mocks */ = {
			isa = PBXGroup;
			children = (
				0B2899FC289467C1001B3360 /* JSON */,
				0B2899EB288F4BC4001B3360 /* Concurrency */,
				0B00E0552886F23800707F26 /* Prices */,
				0B00E0502886F00B00707F26 /* Assets */,
				0B00E03D287F803800707F26 /* MockAPIManager.swift */,
				0BBCF63F285C52D700D39C6D /* MockError.swift */,
				0B966018285AE8D300584692 /* MockURLSession.swift */,
				0BD6613D2874AFAA00F4DA6B /* MockNumberFormatter.swift */,
				0B00E031287F6C1500707F26 /* MockCybridAuthenticator.swift */,
				0B2899F1288F53FE001B3360 /* NotificationCenterMock.swift */,
			);
			path = Mocks;
			sourceTree = "<group>";
		};
		0B96601A285AEB9100584692 /* Resources */ = {
			isa = PBXGroup;
			children = (
				0B96601D285AF03700584692 /* TestAssets.xcassets */,
			);
			path = Resources;
			sourceTree = "<group>";
		};
		0BBCF614285C43E000D39C6D /* CybridSDKTestApp */ = {
			isa = PBXGroup;
			children = (
				0BD26F2728A55D6000ED2A1B /* Logger */,
				0B00E026287DBA7300707F26 /* Auth */,
				0B00E025287DBA6300707F26 /* ViewControllers */,
				0BBCF62A285C443A00D39C6D /* Resources */,
				0BBCF627285C440600D39C6D /* Supporting Files */,
			);
			path = CybridSDKTestApp;
			sourceTree = "<group>";
		};
		0BBCF627285C440600D39C6D /* Supporting Files */ = {
			isa = PBXGroup;
			children = (
				0BBCF615285C43E000D39C6D /* AppDelegate.swift */,
				0BBCF617285C43E000D39C6D /* SceneDelegate.swift */,
				0BBCF623285C43E000D39C6D /* Info.plist */,
			);
			name = "Supporting Files";
			sourceTree = "<group>";
		};
		0BBCF62A285C443A00D39C6D /* Resources */ = {
			isa = PBXGroup;
			children = (
				0B00E0112877E87600707F26 /* LaunchScreen.storyboard */,
				0B00E0122877E87600707F26 /* Main.storyboard */,
				0BBCF61E285C43E000D39C6D /* Assets.xcassets */,
			);
			name = Resources;
			sourceTree = "<group>";
		};
		0BD26F2728A55D6000ED2A1B /* Logger */ = {
			isa = PBXGroup;
			children = (
				0BD26F2828A55D7F00ED2A1B /* ClientLogger.swift */,
			);
			path = Logger;
			sourceTree = "<group>";
		};
		0BD660F5286B75FF00F4DA6B /* Networking */ = {
			isa = PBXGroup;
			children = (
				0B2899F728942C54001B3360 /* CybridJSONDecoder.swift */,
				0BD660F6286B761200F4DA6B /* NetworkingInterfaces.swift */,
			);
			path = Networking;
			sourceTree = "<group>";
		};
		0BD660F8286B762C00F4DA6B /* Concurrency */ = {
			isa = PBXGroup;
			children = (
				0B2899E3288EE747001B3360 /* Scheduler */,
				0BD660FB286B763E00F4DA6B /* AsyncOperation.swift */,
				0BD660FA286B763E00F4DA6B /* ConcurrencyInterfaces.swift */,
				0BD660F9286B763E00F4DA6B /* URLImageOperation.swift */,
			);
			path = Concurrency;
			sourceTree = "<group>";
		};
		0BD660FF286B765900F4DA6B /* View Layer */ = {
			isa = PBXGroup;
			children = (
				0BD66100286B766B00F4DA6B /* Crypto Price List */,
				0BD66126286D7CCB00F4DA6B /* Localization */,
				0BD6610E286B76AA00F4DA6B /* Reusable Views */,
				0B557B902899F4CB00632A6D /* Trade */,
			);
			path = "View Layer";
			sourceTree = "<group>";
		};
		0BD66100286B766B00F4DA6B /* Crypto Price List */ = {
			isa = PBXGroup;
			children = (
				0BD66106286B768C00F4DA6B /* CryptoPriceListView.swift */,
				0BD66108286B768C00F4DA6B /* CryptoPriceModel.swift */,
				0BD66107286B768C00F4DA6B /* CryptoPriceViewModel.swift */,
				0BD66101286B767800F4DA6B /* Cells */,
			);
			path = "Crypto Price List";
			sourceTree = "<group>";
		};
		0BD66101286B767800F4DA6B /* Cells */ = {
			isa = PBXGroup;
			children = (
				0BD66102286B768300F4DA6B /* CryptoPriceTableHeaderView.swift */,
				0BD66103286B768300F4DA6B /* CryptoPriceTableViewCell.swift */,
			);
			path = Cells;
			sourceTree = "<group>";
		};
		0BD6610E286B76AA00F4DA6B /* Reusable Views */ = {
			isa = PBXGroup;
			children = (
				0B289A08289E3325001B3360 /* TextFields */,
				0B557B972899F56900632A6D /* CYBButton.swift */,
				0BD6610F286B76CF00F4DA6B /* URLImageView */,
			);
			path = "Reusable Views";
			sourceTree = "<group>";
		};
		0BD6610F286B76CF00F4DA6B /* URLImageView */ = {
			isa = PBXGroup;
			children = (
				0BD66110286B76DC00F4DA6B /* URLImageView.swift */,
			);
			path = URLImageView;
			sourceTree = "<group>";
		};
		0BD66120286C208600F4DA6B /* ViewModel Tests */ = {
			isa = PBXGroup;
			children = (
				0BD66122286C20BC00F4DA6B /* CryptoPriceViewModelTests.swift */,
			);
			path = "ViewModel Tests";
			sourceTree = "<group>";
		};
		0BD66126286D7CCB00F4DA6B /* Localization */ = {
			isa = PBXGroup;
			children = (
				0BD66124286D7C0400F4DA6B /* Localizer.swift */,
				0BD66129286DE86A00F4DA6B /* CybridLocalizationKey.swift */,
				0B00E0172877E93900707F26 /* Localizable.strings */,
			);
			path = Localization;
			sourceTree = "<group>";
		};
		0BD661312872A04800F4DA6B /* Localization Tests */ = {
			isa = PBXGroup;
			children = (
				0BD661322872A05B00F4DA6B /* LocalizationTests.swift */,
			);
			path = "Localization Tests";
			sourceTree = "<group>";
		};
		0BD661352872BAF100F4DA6B /* Resources */ = {
			isa = PBXGroup;
			children = (
				0BD661362872BB0A00F4DA6B /* AssetPathBuilder.swift */,
			);
			path = Resources;
			sourceTree = "<group>";
		};
		0BD661382872BBE900F4DA6B /* Formatters */ = {
			isa = PBXGroup;
			children = (
				0B303CE02862E062007BF7FF /* FormatStyle.swift */,
				0BD661392872BC0B00F4DA6B /* CybridCurrencyFormatter.swift */,
				0B00E01C28789ADA00707F26 /* BigDecimal.swift */,
			);
			path = Formatters;
			sourceTree = "<group>";
		};
		81407DEC5E3C66990E8215E8 /* Pods */ = {
			isa = PBXGroup;
			children = (
			);
			path = Pods;
			sourceTree = "<group>";
		};
/* End PBXGroup section */

/* Begin PBXHeadersBuildPhase section */
		0B078F0828497B070020B4F7 /* Headers */ = {
			isa = PBXHeadersBuildPhase;
			buildActionMask = 2147483647;
			files = (
				0B078F1E28497B070020B4F7 /* CybridSDK.h in Headers */,
			);
			runOnlyForDeploymentPostprocessing = 0;
		};
/* End PBXHeadersBuildPhase section */

/* Begin PBXNativeTarget section */
		0B078F0C28497B070020B4F7 /* CybridSDK */ = {
			isa = PBXNativeTarget;
			buildConfigurationList = 0B078F2128497B070020B4F7 /* Build configuration list for PBXNativeTarget "CybridSDK" */;
			buildPhases = (
				0B078F0828497B070020B4F7 /* Headers */,
				0BDE4ECA2851B4800039C34B /* SwiftLint */,
				0B078F0928497B070020B4F7 /* Sources */,
				0B078F0A28497B070020B4F7 /* Frameworks */,
				0B078F0B28497B070020B4F7 /* Resources */,
			);
			buildRules = (
			);
			dependencies = (
			);
			name = CybridSDK;
			productName = CybridSDK;
			productReference = 0B078F0D28497B070020B4F7 /* CybridSDK.framework */;
			productType = "com.apple.product-type.framework";
		};
		0B078F1628497B070020B4F7 /* CybridSDKTests */ = {
			isa = PBXNativeTarget;
			buildConfigurationList = 0B078F2428497B070020B4F7 /* Build configuration list for PBXNativeTarget "CybridSDKTests" */;
			buildPhases = (
				0B078F1328497B070020B4F7 /* Sources */,
				0B078F1428497B070020B4F7 /* Frameworks */,
				0B078F1528497B070020B4F7 /* Resources */,
			);
			buildRules = (
			);
			dependencies = (
				0B078F1A28497B070020B4F7 /* PBXTargetDependency */,
			);
			name = CybridSDKTests;
			productName = CybridSDKTests;
			productReference = 0B078F1728497B070020B4F7 /* CybridSDKTests.xctest */;
			productType = "com.apple.product-type.bundle.unit-test";
		};
		0BBCF612285C43E000D39C6D /* CybridSDKTestApp */ = {
			isa = PBXNativeTarget;
			buildConfigurationList = 0BBCF624285C43E000D39C6D /* Build configuration list for PBXNativeTarget "CybridSDKTestApp" */;
			buildPhases = (
				0B00E02B287DDA3900707F26 /* Set Environment Variables */,
				0BBCF60F285C43E000D39C6D /* Sources */,
				0BBCF610285C43E000D39C6D /* Frameworks */,
				0BBCF611285C43E000D39C6D /* Resources */,
				0B00E0092877E56A00707F26 /* Embed Frameworks */,
			);
			buildRules = (
			);
			dependencies = (
				0B00E0082877E56A00707F26 /* PBXTargetDependency */,
			);
			name = CybridSDKTestApp;
			productName = CybridSDKTestApp;
			productReference = 0BBCF613285C43E000D39C6D /* CybridSDKTestApp.app */;
			productType = "com.apple.product-type.application";
		};
/* End PBXNativeTarget section */

/* Begin PBXProject section */
		0B078F0428497B070020B4F7 /* Project object */ = {
			isa = PBXProject;
			attributes = {
				BuildIndependentTargetsInParallel = 1;
				LastSwiftUpdateCheck = 1330;
				LastUpgradeCheck = 1330;
				TargetAttributes = {
					0B078F0C28497B070020B4F7 = {
						CreatedOnToolsVersion = 13.3.1;
					};
					0B078F1628497B070020B4F7 = {
						CreatedOnToolsVersion = 13.3.1;
					};
					0BBCF612285C43E000D39C6D = {
						CreatedOnToolsVersion = 13.3.1;
					};
				};
			};
			buildConfigurationList = 0B078F0728497B070020B4F7 /* Build configuration list for PBXProject "CybridSDK" */;
			compatibilityVersion = "Xcode 13.0";
			developmentRegion = en;
			hasScannedForEncodings = 0;
			knownRegions = (
				en,
				Base,
				fr,
			);
			mainGroup = 0B078F0328497B070020B4F7;
			productRefGroup = 0B078F0E28497B070020B4F7 /* Products */;
			projectDirPath = "";
			projectRoot = "";
			targets = (
				0B078F0C28497B070020B4F7 /* CybridSDK */,
				0B078F1628497B070020B4F7 /* CybridSDKTests */,
				0BBCF612285C43E000D39C6D /* CybridSDKTestApp */,
			);
		};
/* End PBXProject section */

/* Begin PBXResourcesBuildPhase section */
		0B078F0B28497B070020B4F7 /* Resources */ = {
			isa = PBXResourcesBuildPhase;
			buildActionMask = 2147483647;
			files = (
				0BD0A4E728582FB700C10744 /* README.md in Resources */,
				0B00E0152877E93900707F26 /* Localizable.strings in Resources */,
				0B289A0D28A2C7B5001B3360 /* Assets.xcassets in Resources */,
				0B99D1E72849CCE500837E05 /* CybridSDK.podspec in Resources */,
			);
			runOnlyForDeploymentPostprocessing = 0;
		};
		0B078F1528497B070020B4F7 /* Resources */ = {
			isa = PBXResourcesBuildPhase;
			buildActionMask = 2147483647;
			files = (
				0B2899FE289467EE001B3360 /* listPricesResponse.json in Resources */,
				0BFF8755289628EB00E44C74 /* listAssetsResponse.json in Resources */,
				0B96601E285AF03700584692 /* TestAssets.xcassets in Resources */,
				0B289A0228946F74001B3360 /* listLargestPricesResponse.json in Resources */,
			);
			runOnlyForDeploymentPostprocessing = 0;
		};
		0BBCF611285C43E000D39C6D /* Resources */ = {
			isa = PBXResourcesBuildPhase;
			buildActionMask = 2147483647;
			files = (
				0B00E0142877E87600707F26 /* Main.storyboard in Resources */,
				0BBCF61F285C43E000D39C6D /* Assets.xcassets in Resources */,
				0B00E0132877E87600707F26 /* LaunchScreen.storyboard in Resources */,
			);
			runOnlyForDeploymentPostprocessing = 0;
		};
/* End PBXResourcesBuildPhase section */

/* Begin PBXShellScriptBuildPhase section */
		0B00E02B287DDA3900707F26 /* Set Environment Variables */ = {
			isa = PBXShellScriptBuildPhase;
			alwaysOutOfDate = 1;
			buildActionMask = 2147483647;
			files = (
			);
			inputFileListPaths = (
			);
			inputPaths = (
				"$(SRCROOT)/CybridSDKTestApp/Info.plist",
			);
			name = "Set Environment Variables";
			outputFileListPaths = (
			);
			outputPaths = (
			);
			runOnlyForDeploymentPostprocessing = 0;
			shellPath = /bin/sh;
			shellScript = "# Type a script or drag a script file from your workspace to insert its path.\n\n$(SRCROOT)scripts/environmentVariables.sh\n";
		};
		0BDE4ECA2851B4800039C34B /* SwiftLint */ = {
			isa = PBXShellScriptBuildPhase;
			buildActionMask = 2147483647;
			files = (
			);
			inputFileListPaths = (
			);
			inputPaths = (
			);
			name = SwiftLint;
			outputFileListPaths = (
			);
			outputPaths = (
			);
			runOnlyForDeploymentPostprocessing = 0;
			shellPath = /bin/sh;
			shellScript = "# Run only when not running on CI. CI should run SwiftLint with Fastlane.\nif [ -z \"$CI\"]; then\n  ${PODS_ROOT}/SwiftLint/swiftlint\nfi\n";
		};
/* End PBXShellScriptBuildPhase section */

/* Begin PBXSourcesBuildPhase section */
		0B078F0928497B070020B4F7 /* Sources */ = {
			isa = PBXSourcesBuildPhase;
			buildActionMask = 2147483647;
			files = (
				0B2899E0288E4860001B3360 /* AuthenticatedServiceProvider.swift in Sources */,
				0BD6612A286DE86A00F4DA6B /* CybridLocalizationKey.swift in Sources */,
				0B00E02E287F6AE500707F26 /* CybridError.swift in Sources */,
				0BD6613A2872BC0B00F4DA6B /* CybridCurrencyFormatter.swift in Sources */,
				0BD6610D286B769800F4DA6B /* Observable.swift in Sources */,
				0B557B952899F4DE00632A6D /* BuyQuoteViewController.swift in Sources */,
				0BD66104286B768300F4DA6B /* CryptoPriceTableHeaderView.swift in Sources */,
				0B2B2A7128621DA7002F0EC1 /* FontTheme.swift in Sources */,
				0BD6610B286B768C00F4DA6B /* CryptoPriceModel.swift in Sources */,
				0B557B962899F4DE00632A6D /* TradeViewController.swift in Sources */,
				0B00E04E2885ADB300707F26 /* AssetsRepository.swift in Sources */,
				0BD661372872BB0A00F4DA6B /* AssetPathBuilder.swift in Sources */,
				0B00E034287F6D1000707F26 /* CybridAuthenticator.swift in Sources */,
				0BD660F7286B761200F4DA6B /* NetworkingInterfaces.swift in Sources */,
				0B00E01D28789ADA00707F26 /* BigDecimal.swift in Sources */,
				0B2B2A8528629031002F0EC1 /* UIColor+Extensions.swift in Sources */,
				0B2B2A872862906E002F0EC1 /* UILabel+Extensions.swift in Sources */,
				0B2B2A6D28621D5C002F0EC1 /* ColorTheme.swift in Sources */,
				0B00E04C2885AD8D00707F26 /* PricesRepository.swift in Sources */,
				0B96600F285AA0FC00584692 /* AssertionFailureOverride.swift in Sources */,
				0B6175D4288B7853004E4F5B /* TaskScheduler.swift in Sources */,
				0B00E0222878D23100707F26 /* CybridSession.swift in Sources */,
				0B2899E9288F3E1F001B3360 /* Cybrid.swift in Sources */,
				0BD66118286B79C500F4DA6B /* UIView+Constraints.swift in Sources */,
				0B303CE42862E5D9007BF7FF /* CybridConfig.swift in Sources */,
				0BD660FD286B763E00F4DA6B /* ConcurrencyInterfaces.swift in Sources */,
				0BD66109286B768C00F4DA6B /* CryptoPriceListView.swift in Sources */,
				0B557B942899F4DE00632A6D /* SellQuoteViewController.swift in Sources */,
				0BD660FC286B763E00F4DA6B /* URLImageOperation.swift in Sources */,
				0B00E024287CD72D00707F26 /* Environment.swift in Sources */,
				0B078F1228497B070020B4F7 /* CybridSDK.docc in Sources */,
				0BD66125286D7C0400F4DA6B /* Localizer.swift in Sources */,
				0BD66111286B76DC00F4DA6B /* URLImageView.swift in Sources */,
				0B557B982899F56900632A6D /* CYBButton.swift in Sources */,
				0B00E0042877DF7F00707F26 /* Bundle+Extensions.swift in Sources */,
				0BD26F2428A55D4800ED2A1B /* CybridEvent.swift in Sources */,
				0BD26F2528A55D4800ED2A1B /* CybridLogger.swift in Sources */,
				0BD6610A286B768C00F4DA6B /* CryptoPriceViewModel.swift in Sources */,
				0B00E05C2887256B00707F26 /* UIView+Keyboard.swift in Sources */,
				0B2B2A8928629324002F0EC1 /* Theme.swift in Sources */,
				0B289A07289E29D4001B3360 /* AssetBankModel+Extensions.swift in Sources */,
				0B289A05289CE525001B3360 /* BuyQuoteViewModel.swift in Sources */,
				0B289A0A289E333C001B3360 /* CYBTextField.swift in Sources */,
				0B303CE12862E062007BF7FF /* FormatStyle.swift in Sources */,
				0B2899F828942C54001B3360 /* CybridJSONDecoder.swift in Sources */,
				0BD66105286B768300F4DA6B /* CryptoPriceTableViewCell.swift in Sources */,
				0BD660FE286B763E00F4DA6B /* AsyncOperation.swift in Sources */,
				0B2899E5288EE764001B3360 /* TimerType.swift in Sources */,
				0B303CDF2862DD2C007BF7FF /* UIConstants.swift in Sources */,
				0B00E040287F81A500707F26 /* CybridAPIManager.swift in Sources */,
			);
			runOnlyForDeploymentPostprocessing = 0;
		};
		0B078F1328497B070020B4F7 /* Sources */ = {
			isa = PBXSourcesBuildPhase;
			buildActionMask = 2147483647;
			files = (
				0B2899F628904B11001B3360 /* TaskSchedulerTests.swift in Sources */,
				0BD6611D286C1D5B00F4DA6B /* CurrencyFormatterTests.swift in Sources */,
				0B303CF328636A0D007BF7FF /* CybridConfigTests.swift in Sources */,
				0BBCF640285C52D700D39C6D /* MockError.swift in Sources */,
				0BD6613E2874AFAA00F4DA6B /* MockNumberFormatter.swift in Sources */,
				0B966027285C2E8600584692 /* MockImageOperation.swift in Sources */,
				0B966029285C38F500584692 /* URLImageOperationTests.swift in Sources */,
				0B303CE92862F5BB007BF7FF /* UILabelExtensionsTests.swift in Sources */,
				0B00E0592887022B00707F26 /* PriceListMock.swift in Sources */,
				0BD661332872A05B00F4DA6B /* LocalizationTests.swift in Sources */,
				0B00E0542886F21900707F26 /* AssetsListMock.swift in Sources */,
				0B966004285A85C600584692 /* AsyncOperationTests.swift in Sources */,
				0B00E01B2877EED600707F26 /* BundleExtensionsTests.swift in Sources */,
				0B2899FA2894653F001B3360 /* CybridJSONDecoderTests.swift in Sources */,
				0B00E0522886F01A00707F26 /* AssetsAPIMock.swift in Sources */,
				0B289A0028946B52001B3360 /* JSONMockHelper.swift in Sources */,
				0B303CEC2862F898007BF7FF /* ColorThemeTests.swift in Sources */,
				0B00E03C287F7BA500707F26 /* CybridSessionTests.swift in Sources */,
				0B00E03E287F803800707F26 /* MockAPIManager.swift in Sources */,
				0B966025285C2CEF00584692 /* MockDispatchQueue.swift in Sources */,
				0B2899F2288F53FE001B3360 /* NotificationCenterMock.swift in Sources */,
				0B2899ED288F4BE5001B3360 /* TaskSchedulerMock.swift in Sources */,
				0B966011285AA24300584692 /* AssertionFailureOverrideTests.swift in Sources */,
				0B00E01F2878A16800707F26 /* BigDecimalTests.swift in Sources */,
				0B00E046287FBEDC00707F26 /* PriceListDataProviderMock.swift in Sources */,
				0BD6611F286C1EB800F4DA6B /* ObservableTests.swift in Sources */,
				0B96600D285A9A3100584692 /* MockAsyncOperation.swift in Sources */,
				0B00E048287FC4C800707F26 /* EnvironmentTests.swift in Sources */,
				0B966019285AE8D300584692 /* MockURLSession.swift in Sources */,
				0BD6611B286C197B00F4DA6B /* UIViewConstraintsTests.swift in Sources */,
				0B00E032287F6C1600707F26 /* MockCybridAuthenticator.swift in Sources */,
				0B00E0572886F25F00707F26 /* PricesAPIMock.swift in Sources */,
				0B966013285AA2EB00584692 /* URLImageViewTests.swift in Sources */,
				0B966008285A92E700584692 /* XCTestCase+expectFailure.swift in Sources */,
				0B96602B285C3AC600584692 /* NetworkingInterfaceTests.swift in Sources */,
				0B2899F4289049F3001B3360 /* TimerMock.swift in Sources */,
				0B303CE72862E7E3007BF7FF /* UIColorExtensionsTests.swift in Sources */,
				0BD66123286C20BC00F4DA6B /* CryptoPriceViewModelTests.swift in Sources */,
			);
			runOnlyForDeploymentPostprocessing = 0;
		};
		0BBCF60F285C43E000D39C6D /* Sources */ = {
			isa = PBXSourcesBuildPhase;
			buildActionMask = 2147483647;
			files = (
				0BBCF616285C43E000D39C6D /* AppDelegate.swift in Sources */,
				0BD66114286B76F300F4DA6B /* RootViewController.swift in Sources */,
				0BD26F2928A55D7F00ED2A1B /* ClientLogger.swift in Sources */,
				0BBCF618285C43E000D39C6D /* SceneDelegate.swift in Sources */,
				0BD66115286B76F300F4DA6B /* CryptoPriceListTestVC.swift in Sources */,
				0B00E028287DBA8400707F26 /* CryptoAuthenticator.swift in Sources */,
			);
			runOnlyForDeploymentPostprocessing = 0;
		};
/* End PBXSourcesBuildPhase section */

/* Begin PBXTargetDependency section */
		0B00E0082877E56A00707F26 /* PBXTargetDependency */ = {
			isa = PBXTargetDependency;
			platformFilter = ios;
			target = 0B078F0C28497B070020B4F7 /* CybridSDK */;
			targetProxy = 0B00E0072877E56A00707F26 /* PBXContainerItemProxy */;
		};
		0B078F1A28497B070020B4F7 /* PBXTargetDependency */ = {
			isa = PBXTargetDependency;
			target = 0B078F0C28497B070020B4F7 /* CybridSDK */;
			targetProxy = 0B078F1928497B070020B4F7 /* PBXContainerItemProxy */;
		};
/* End PBXTargetDependency section */

/* Begin PBXVariantGroup section */
		0B00E0172877E93900707F26 /* Localizable.strings */ = {
			isa = PBXVariantGroup;
			children = (
				0B00E0162877E93900707F26 /* en */,
				0B00E0192877ED9E00707F26 /* fr */,
			);
			name = Localizable.strings;
			sourceTree = "<group>";
		};
/* End PBXVariantGroup section */

/* Begin XCBuildConfiguration section */
		0B078F1F28497B070020B4F7 /* Debug */ = {
			isa = XCBuildConfiguration;
			buildSettings = {
				ALWAYS_SEARCH_USER_PATHS = NO;
				CLANG_ANALYZER_LOCALIZABILITY_NONLOCALIZED = YES;
				CLANG_ANALYZER_NONNULL = YES;
				CLANG_ANALYZER_NUMBER_OBJECT_CONVERSION = YES_AGGRESSIVE;
				CLANG_CXX_LANGUAGE_STANDARD = "gnu++17";
				CLANG_ENABLE_MODULES = YES;
				CLANG_ENABLE_OBJC_ARC = YES;
				CLANG_ENABLE_OBJC_WEAK = YES;
				CLANG_WARN_BLOCK_CAPTURE_AUTORELEASING = YES;
				CLANG_WARN_BOOL_CONVERSION = YES;
				CLANG_WARN_COMMA = YES;
				CLANG_WARN_CONSTANT_CONVERSION = YES;
				CLANG_WARN_DEPRECATED_OBJC_IMPLEMENTATIONS = YES;
				CLANG_WARN_DIRECT_OBJC_ISA_USAGE = YES_ERROR;
				CLANG_WARN_DOCUMENTATION_COMMENTS = YES;
				CLANG_WARN_EMPTY_BODY = YES;
				CLANG_WARN_ENUM_CONVERSION = YES;
				CLANG_WARN_INFINITE_RECURSION = YES;
				CLANG_WARN_INT_CONVERSION = YES;
				CLANG_WARN_NON_LITERAL_NULL_CONVERSION = YES;
				CLANG_WARN_OBJC_IMPLICIT_RETAIN_SELF = YES;
				CLANG_WARN_OBJC_LITERAL_CONVERSION = YES;
				CLANG_WARN_OBJC_ROOT_CLASS = YES_ERROR;
				CLANG_WARN_QUOTED_INCLUDE_IN_FRAMEWORK_HEADER = YES;
				CLANG_WARN_RANGE_LOOP_ANALYSIS = YES;
				CLANG_WARN_STRICT_PROTOTYPES = YES;
				CLANG_WARN_SUSPICIOUS_MOVE = YES;
				CLANG_WARN_UNGUARDED_AVAILABILITY = YES_AGGRESSIVE;
				CLANG_WARN_UNREACHABLE_CODE = YES;
				CLANG_WARN__DUPLICATE_METHOD_MATCH = YES;
				COPY_PHASE_STRIP = NO;
				CURRENT_PROJECT_VERSION = 1;
				DEBUG_INFORMATION_FORMAT = dwarf;
				ENABLE_STRICT_OBJC_MSGSEND = YES;
				ENABLE_TESTABILITY = YES;
				GCC_C_LANGUAGE_STANDARD = gnu11;
				GCC_DYNAMIC_NO_PIC = NO;
				GCC_NO_COMMON_BLOCKS = YES;
				GCC_OPTIMIZATION_LEVEL = 0;
				GCC_PREPROCESSOR_DEFINITIONS = (
					"DEBUG=1",
					"$(inherited)",
				);
				GCC_WARN_64_TO_32_BIT_CONVERSION = YES;
				GCC_WARN_ABOUT_RETURN_TYPE = YES_ERROR;
				GCC_WARN_UNDECLARED_SELECTOR = YES;
				GCC_WARN_UNINITIALIZED_AUTOS = YES_AGGRESSIVE;
				GCC_WARN_UNUSED_FUNCTION = YES;
				GCC_WARN_UNUSED_VARIABLE = YES;
				IPHONEOS_DEPLOYMENT_TARGET = 13.0;
				MTL_ENABLE_DEBUG_INFO = INCLUDE_SOURCE;
				MTL_FAST_MATH = YES;
				ONLY_ACTIVE_ARCH = YES;
				SDKROOT = iphoneos;
				SWIFT_ACTIVE_COMPILATION_CONDITIONS = DEBUG;
				SWIFT_OPTIMIZATION_LEVEL = "-Onone";
				VERSIONING_SYSTEM = "apple-generic";
				VERSION_INFO_PREFIX = "";
			};
			name = Debug;
		};
		0B078F2028497B070020B4F7 /* Release */ = {
			isa = XCBuildConfiguration;
			buildSettings = {
				ALWAYS_SEARCH_USER_PATHS = NO;
				CLANG_ANALYZER_LOCALIZABILITY_NONLOCALIZED = YES;
				CLANG_ANALYZER_NONNULL = YES;
				CLANG_ANALYZER_NUMBER_OBJECT_CONVERSION = YES_AGGRESSIVE;
				CLANG_CXX_LANGUAGE_STANDARD = "gnu++17";
				CLANG_ENABLE_MODULES = YES;
				CLANG_ENABLE_OBJC_ARC = YES;
				CLANG_ENABLE_OBJC_WEAK = YES;
				CLANG_WARN_BLOCK_CAPTURE_AUTORELEASING = YES;
				CLANG_WARN_BOOL_CONVERSION = YES;
				CLANG_WARN_COMMA = YES;
				CLANG_WARN_CONSTANT_CONVERSION = YES;
				CLANG_WARN_DEPRECATED_OBJC_IMPLEMENTATIONS = YES;
				CLANG_WARN_DIRECT_OBJC_ISA_USAGE = YES_ERROR;
				CLANG_WARN_DOCUMENTATION_COMMENTS = YES;
				CLANG_WARN_EMPTY_BODY = YES;
				CLANG_WARN_ENUM_CONVERSION = YES;
				CLANG_WARN_INFINITE_RECURSION = YES;
				CLANG_WARN_INT_CONVERSION = YES;
				CLANG_WARN_NON_LITERAL_NULL_CONVERSION = YES;
				CLANG_WARN_OBJC_IMPLICIT_RETAIN_SELF = YES;
				CLANG_WARN_OBJC_LITERAL_CONVERSION = YES;
				CLANG_WARN_OBJC_ROOT_CLASS = YES_ERROR;
				CLANG_WARN_QUOTED_INCLUDE_IN_FRAMEWORK_HEADER = YES;
				CLANG_WARN_RANGE_LOOP_ANALYSIS = YES;
				CLANG_WARN_STRICT_PROTOTYPES = YES;
				CLANG_WARN_SUSPICIOUS_MOVE = YES;
				CLANG_WARN_UNGUARDED_AVAILABILITY = YES_AGGRESSIVE;
				CLANG_WARN_UNREACHABLE_CODE = YES;
				CLANG_WARN__DUPLICATE_METHOD_MATCH = YES;
				COPY_PHASE_STRIP = NO;
				CURRENT_PROJECT_VERSION = 1;
				DEBUG_INFORMATION_FORMAT = "dwarf-with-dsym";
				ENABLE_NS_ASSERTIONS = NO;
				ENABLE_STRICT_OBJC_MSGSEND = YES;
				GCC_C_LANGUAGE_STANDARD = gnu11;
				GCC_NO_COMMON_BLOCKS = YES;
				GCC_WARN_64_TO_32_BIT_CONVERSION = YES;
				GCC_WARN_ABOUT_RETURN_TYPE = YES_ERROR;
				GCC_WARN_UNDECLARED_SELECTOR = YES;
				GCC_WARN_UNINITIALIZED_AUTOS = YES_AGGRESSIVE;
				GCC_WARN_UNUSED_FUNCTION = YES;
				GCC_WARN_UNUSED_VARIABLE = YES;
				IPHONEOS_DEPLOYMENT_TARGET = 13.0;
				MTL_ENABLE_DEBUG_INFO = NO;
				MTL_FAST_MATH = YES;
				SDKROOT = iphoneos;
				SWIFT_COMPILATION_MODE = wholemodule;
				SWIFT_OPTIMIZATION_LEVEL = "-O";
				VALIDATE_PRODUCT = YES;
				VERSIONING_SYSTEM = "apple-generic";
				VERSION_INFO_PREFIX = "";
			};
			name = Release;
		};
		0B078F2228497B070020B4F7 /* Debug */ = {
			isa = XCBuildConfiguration;
			buildSettings = {
				CODE_SIGN_STYLE = Automatic;
				CURRENT_PROJECT_VERSION = 1;
				DEFINES_MODULE = YES;
				DEVELOPMENT_TEAM = 5789WJ9F6P;
				DYLIB_COMPATIBILITY_VERSION = 1;
				DYLIB_CURRENT_VERSION = 1;
				DYLIB_INSTALL_NAME_BASE = "@rpath";
				GENERATE_INFOPLIST_FILE = YES;
				INFOPLIST_FILE = CybridSDK/Info.plist;
				INFOPLIST_KEY_NSHumanReadableCopyright = "";
				INSTALL_PATH = "$(LOCAL_LIBRARY_DIR)/Frameworks";
				IPHONEOS_DEPLOYMENT_TARGET = 13.0;
				LD_RUNPATH_SEARCH_PATHS = (
					"$(inherited)",
					"@executable_path/Frameworks",
					"@loader_path/Frameworks",
				);
				MARKETING_VERSION = 0.0.1;
				PRODUCT_BUNDLE_IDENTIFIER = app.cybrid.CybridSDK;
				PRODUCT_NAME = "$(TARGET_NAME:c99extidentifier)";
				SKIP_INSTALL = YES;
				SUPPORTS_MACCATALYST = NO;
				SWIFT_EMIT_LOC_STRINGS = YES;
				SWIFT_VERSION = 5.0;
				TARGETED_DEVICE_FAMILY = 1;
			};
			name = Debug;
		};
		0B078F2328497B070020B4F7 /* Release */ = {
			isa = XCBuildConfiguration;
			buildSettings = {
				CODE_SIGN_STYLE = Automatic;
				CURRENT_PROJECT_VERSION = 1;
				DEFINES_MODULE = YES;
				DEVELOPMENT_TEAM = 5789WJ9F6P;
				DYLIB_COMPATIBILITY_VERSION = 1;
				DYLIB_CURRENT_VERSION = 1;
				DYLIB_INSTALL_NAME_BASE = "@rpath";
				GENERATE_INFOPLIST_FILE = YES;
				INFOPLIST_FILE = CybridSDK/Info.plist;
				INFOPLIST_KEY_NSHumanReadableCopyright = "";
				INSTALL_PATH = "$(LOCAL_LIBRARY_DIR)/Frameworks";
				IPHONEOS_DEPLOYMENT_TARGET = 13.0;
				LD_RUNPATH_SEARCH_PATHS = (
					"$(inherited)",
					"@executable_path/Frameworks",
					"@loader_path/Frameworks",
				);
				MARKETING_VERSION = 0.0.1;
				PRODUCT_BUNDLE_IDENTIFIER = app.cybrid.CybridSDK;
				PRODUCT_NAME = "$(TARGET_NAME:c99extidentifier)";
				SKIP_INSTALL = YES;
				SUPPORTS_MACCATALYST = NO;
				SWIFT_EMIT_LOC_STRINGS = YES;
				SWIFT_VERSION = 5.0;
				TARGETED_DEVICE_FAMILY = 1;
			};
			name = Release;
		};
		0B078F2528497B070020B4F7 /* Debug */ = {
			isa = XCBuildConfiguration;
			buildSettings = {
				ALWAYS_EMBED_SWIFT_STANDARD_LIBRARIES = YES;
				"CODE_SIGN_IDENTITY[sdk=macosx*]" = "Apple Development";
				CODE_SIGN_STYLE = Automatic;
				CURRENT_PROJECT_VERSION = 1;
				DEVELOPMENT_TEAM = 5789WJ9F6P;
				GENERATE_INFOPLIST_FILE = YES;
				MARKETING_VERSION = 1.0;
				PRODUCT_BUNDLE_IDENTIFIER = app.cybrid.CybridSDKTests;
				PRODUCT_NAME = "$(TARGET_NAME)";
				SWIFT_EMIT_LOC_STRINGS = NO;
				SWIFT_VERSION = 5.0;
				TARGETED_DEVICE_FAMILY = "1,2";
			};
			name = Debug;
		};
		0B078F2628497B070020B4F7 /* Release */ = {
			isa = XCBuildConfiguration;
			buildSettings = {
				ALWAYS_EMBED_SWIFT_STANDARD_LIBRARIES = YES;
				"CODE_SIGN_IDENTITY[sdk=macosx*]" = "Apple Development";
				CODE_SIGN_STYLE = Automatic;
				CURRENT_PROJECT_VERSION = 1;
				DEVELOPMENT_TEAM = 5789WJ9F6P;
				GENERATE_INFOPLIST_FILE = YES;
				MARKETING_VERSION = 1.0;
				PRODUCT_BUNDLE_IDENTIFIER = app.cybrid.CybridSDKTests;
				PRODUCT_NAME = "$(TARGET_NAME)";
				SWIFT_EMIT_LOC_STRINGS = NO;
				SWIFT_VERSION = 5.0;
				TARGETED_DEVICE_FAMILY = "1,2";
			};
			name = Release;
		};
		0BBCF625285C43E000D39C6D /* Debug */ = {
			isa = XCBuildConfiguration;
			buildSettings = {
				ASSETCATALOG_COMPILER_APPICON_NAME = AppIcon;
				ASSETCATALOG_COMPILER_GLOBAL_ACCENT_COLOR_NAME = AccentColor;
				CODE_SIGN_STYLE = Automatic;
				CURRENT_PROJECT_VERSION = 1;
				DEVELOPMENT_TEAM = 5789WJ9F6P;
				GENERATE_INFOPLIST_FILE = YES;
				INFOPLIST_FILE = CybridSDKTestApp/Info.plist;
				INFOPLIST_KEY_UIApplicationSupportsIndirectInputEvents = YES;
				INFOPLIST_KEY_UILaunchStoryboardName = LaunchScreen;
				INFOPLIST_KEY_UIMainStoryboardFile = Main;
				INFOPLIST_KEY_UISupportedInterfaceOrientations_iPad = "UIInterfaceOrientationPortrait UIInterfaceOrientationPortraitUpsideDown UIInterfaceOrientationLandscapeLeft UIInterfaceOrientationLandscapeRight";
				INFOPLIST_KEY_UISupportedInterfaceOrientations_iPhone = "UIInterfaceOrientationPortrait UIInterfaceOrientationLandscapeLeft UIInterfaceOrientationLandscapeRight";
				IPHONEOS_DEPLOYMENT_TARGET = 13.0;
				LD_RUNPATH_SEARCH_PATHS = (
					"$(inherited)",
					"@executable_path/Frameworks",
				);
				MARKETING_VERSION = 1.0;
				PRODUCT_BUNDLE_IDENTIFIER = app.cybrid.CybridSDKTestApp;
				PRODUCT_NAME = "$(TARGET_NAME)";
				SWIFT_EMIT_LOC_STRINGS = YES;
				SWIFT_VERSION = 5.0;
				TARGETED_DEVICE_FAMILY = 1;
			};
			name = Debug;
		};
		0BBCF626285C43E000D39C6D /* Release */ = {
			isa = XCBuildConfiguration;
			buildSettings = {
				ASSETCATALOG_COMPILER_APPICON_NAME = AppIcon;
				ASSETCATALOG_COMPILER_GLOBAL_ACCENT_COLOR_NAME = AccentColor;
				CODE_SIGN_STYLE = Automatic;
				CURRENT_PROJECT_VERSION = 1;
				DEVELOPMENT_TEAM = 5789WJ9F6P;
				GENERATE_INFOPLIST_FILE = YES;
				INFOPLIST_FILE = CybridSDKTestApp/Info.plist;
				INFOPLIST_KEY_UIApplicationSupportsIndirectInputEvents = YES;
				INFOPLIST_KEY_UILaunchStoryboardName = LaunchScreen;
				INFOPLIST_KEY_UIMainStoryboardFile = Main;
				INFOPLIST_KEY_UISupportedInterfaceOrientations_iPad = "UIInterfaceOrientationPortrait UIInterfaceOrientationPortraitUpsideDown UIInterfaceOrientationLandscapeLeft UIInterfaceOrientationLandscapeRight";
				INFOPLIST_KEY_UISupportedInterfaceOrientations_iPhone = "UIInterfaceOrientationPortrait UIInterfaceOrientationLandscapeLeft UIInterfaceOrientationLandscapeRight";
				IPHONEOS_DEPLOYMENT_TARGET = 13.0;
				LD_RUNPATH_SEARCH_PATHS = (
					"$(inherited)",
					"@executable_path/Frameworks",
				);
				MARKETING_VERSION = 1.0;
				PRODUCT_BUNDLE_IDENTIFIER = app.cybrid.CybridSDKTestApp;
				PRODUCT_NAME = "$(TARGET_NAME)";
				SWIFT_EMIT_LOC_STRINGS = YES;
				SWIFT_VERSION = 5.0;
				TARGETED_DEVICE_FAMILY = 1;
			};
			name = Release;
		};
/* End XCBuildConfiguration section */

/* Begin XCConfigurationList section */
		0B078F0728497B070020B4F7 /* Build configuration list for PBXProject "CybridSDK" */ = {
			isa = XCConfigurationList;
			buildConfigurations = (
				0B078F1F28497B070020B4F7 /* Debug */,
				0B078F2028497B070020B4F7 /* Release */,
			);
			defaultConfigurationIsVisible = 0;
			defaultConfigurationName = Release;
		};
		0B078F2128497B070020B4F7 /* Build configuration list for PBXNativeTarget "CybridSDK" */ = {
			isa = XCConfigurationList;
			buildConfigurations = (
				0B078F2228497B070020B4F7 /* Debug */,
				0B078F2328497B070020B4F7 /* Release */,
			);
			defaultConfigurationIsVisible = 0;
			defaultConfigurationName = Release;
		};
		0B078F2428497B070020B4F7 /* Build configuration list for PBXNativeTarget "CybridSDKTests" */ = {
			isa = XCConfigurationList;
			buildConfigurations = (
				0B078F2528497B070020B4F7 /* Debug */,
				0B078F2628497B070020B4F7 /* Release */,
			);
			defaultConfigurationIsVisible = 0;
			defaultConfigurationName = Release;
		};
		0BBCF624285C43E000D39C6D /* Build configuration list for PBXNativeTarget "CybridSDKTestApp" */ = {
			isa = XCConfigurationList;
			buildConfigurations = (
				0BBCF625285C43E000D39C6D /* Debug */,
				0BBCF626285C43E000D39C6D /* Release */,
			);
			defaultConfigurationIsVisible = 0;
			defaultConfigurationName = Release;
		};
/* End XCConfigurationList section */
	};
	rootObject = 0B078F0428497B070020B4F7 /* Project object */;
}
