// !$*UTF8*$!
{
	archiveVersion = 1;
	classes = {
	};
	objectVersion = 55;
	objects = {

/* Begin PBXBuildFile section */
		0B078F1228497B070020B4F7 /* CybridSDK.docc in Sources */ = {isa = PBXBuildFile; fileRef = 0B078F1128497B070020B4F7 /* CybridSDK.docc */; };
		0B078F1828497B070020B4F7 /* CybridSDK.framework in Frameworks */ = {isa = PBXBuildFile; fileRef = 0B078F0D28497B070020B4F7 /* CybridSDK.framework */; };
		0B078F1E28497B070020B4F7 /* CybridSDK.h in Headers */ = {isa = PBXBuildFile; fileRef = 0B078F1028497B070020B4F7 /* CybridSDK.h */; settings = {ATTRIBUTES = (Public, ); }; };
		0B965FFE2859A01E00584692 /* AsyncOperation.swift in Sources */ = {isa = PBXBuildFile; fileRef = 0B965FFD2859A01E00584692 /* AsyncOperation.swift */; };
		0B966002285A465400584692 /* URLImageView.swift in Sources */ = {isa = PBXBuildFile; fileRef = 0B966001285A465400584692 /* URLImageView.swift */; };
		0B966004285A85C600584692 /* AsyncOperationTests.swift in Sources */ = {isa = PBXBuildFile; fileRef = 0B966003285A85C600584692 /* AsyncOperationTests.swift */; };
		0B966008285A92E700584692 /* XCTestCase+expectFailure.swift in Sources */ = {isa = PBXBuildFile; fileRef = 0B966007285A92E700584692 /* XCTestCase+expectFailure.swift */; };
		0B96600D285A9A3100584692 /* MockAsyncOperation.swift in Sources */ = {isa = PBXBuildFile; fileRef = 0B96600C285A9A3100584692 /* MockAsyncOperation.swift */; };
		0B96600F285AA0FC00584692 /* AssertionFailureOverride.swift in Sources */ = {isa = PBXBuildFile; fileRef = 0B966009285A96B700584692 /* AssertionFailureOverride.swift */; };
		0B966011285AA24300584692 /* AssertionFailureOverrideTests.swift in Sources */ = {isa = PBXBuildFile; fileRef = 0B966010285AA24300584692 /* AssertionFailureOverrideTests.swift */; };
		0B966013285AA2EB00584692 /* URLImageViewTests.swift in Sources */ = {isa = PBXBuildFile; fileRef = 0B966012285AA2EB00584692 /* URLImageViewTests.swift */; };
		0B966017285AE80400584692 /* NetworkingInterfaces.swift in Sources */ = {isa = PBXBuildFile; fileRef = 0B966016285AE80400584692 /* NetworkingInterfaces.swift */; };
		0B966019285AE8D300584692 /* MockURLSession.swift in Sources */ = {isa = PBXBuildFile; fileRef = 0B966018285AE8D300584692 /* MockURLSession.swift */; };
		0B96601E285AF03700584692 /* TestAssets.xcassets in Resources */ = {isa = PBXBuildFile; fileRef = 0B96601D285AF03700584692 /* TestAssets.xcassets */; };
		0B966020285C203000584692 /* ConcurrencyInterfaces.swift in Sources */ = {isa = PBXBuildFile; fileRef = 0B96601F285C203000584692 /* ConcurrencyInterfaces.swift */; };
		0B966022285C2A7800584692 /* URLImageOperation.swift in Sources */ = {isa = PBXBuildFile; fileRef = 0B966021285C2A7800584692 /* URLImageOperation.swift */; };
		0B966025285C2CEF00584692 /* MockDispatchQueue.swift in Sources */ = {isa = PBXBuildFile; fileRef = 0B966024285C2CEF00584692 /* MockDispatchQueue.swift */; };
		0B966027285C2E8600584692 /* MockImageOperation.swift in Sources */ = {isa = PBXBuildFile; fileRef = 0B966026285C2E8600584692 /* MockImageOperation.swift */; };
		0B966029285C38F500584692 /* URLImageOperationTests.swift in Sources */ = {isa = PBXBuildFile; fileRef = 0B966028285C38F500584692 /* URLImageOperationTests.swift */; };
		0B96602B285C3AC600584692 /* NetworkingInterfaceTests.swift in Sources */ = {isa = PBXBuildFile; fileRef = 0B96602A285C3AC600584692 /* NetworkingInterfaceTests.swift */; };
		0B99D1E72849CCE500837E05 /* CybridSDK.podspec in Resources */ = {isa = PBXBuildFile; fileRef = 0B99D1E62849CCE500837E05 /* CybridSDK.podspec */; };
		0BBCF616285C43E000D39C6D /* AppDelegate.swift in Sources */ = {isa = PBXBuildFile; fileRef = 0BBCF615285C43E000D39C6D /* AppDelegate.swift */; };
		0BBCF618285C43E000D39C6D /* SceneDelegate.swift in Sources */ = {isa = PBXBuildFile; fileRef = 0BBCF617285C43E000D39C6D /* SceneDelegate.swift */; };
		0BBCF61A285C43E000D39C6D /* ViewController.swift in Sources */ = {isa = PBXBuildFile; fileRef = 0BBCF619285C43E000D39C6D /* ViewController.swift */; };
		0BBCF61D285C43E000D39C6D /* Main.storyboard in Resources */ = {isa = PBXBuildFile; fileRef = 0BBCF61B285C43E000D39C6D /* Main.storyboard */; };
		0BBCF61F285C43E000D39C6D /* Assets.xcassets in Resources */ = {isa = PBXBuildFile; fileRef = 0BBCF61E285C43E000D39C6D /* Assets.xcassets */; };
		0BBCF622285C43E000D39C6D /* LaunchScreen.storyboard in Resources */ = {isa = PBXBuildFile; fileRef = 0BBCF620285C43E000D39C6D /* LaunchScreen.storyboard */; };
		0BBCF640285C52D700D39C6D /* MockError.swift in Sources */ = {isa = PBXBuildFile; fileRef = 0BBCF63F285C52D700D39C6D /* MockError.swift */; };
		0BD0A4E728582FB700C10744 /* README.md in Resources */ = {isa = PBXBuildFile; fileRef = 0BD0A4E628582FB700C10744 /* README.md */; };
/* End PBXBuildFile section */

/* Begin PBXContainerItemProxy section */
		0B078F1928497B070020B4F7 /* PBXContainerItemProxy */ = {
			isa = PBXContainerItemProxy;
			containerPortal = 0B078F0428497B070020B4F7 /* Project object */;
			proxyType = 1;
			remoteGlobalIDString = 0B078F0C28497B070020B4F7;
			remoteInfo = CybridSDK;
		};
/* End PBXContainerItemProxy section */

/* Begin PBXFileReference section */
		0B078F0D28497B070020B4F7 /* CybridSDK.framework */ = {isa = PBXFileReference; explicitFileType = wrapper.framework; includeInIndex = 0; path = CybridSDK.framework; sourceTree = BUILT_PRODUCTS_DIR; };
		0B078F1028497B070020B4F7 /* CybridSDK.h */ = {isa = PBXFileReference; lastKnownFileType = sourcecode.c.h; path = CybridSDK.h; sourceTree = "<group>"; };
		0B078F1128497B070020B4F7 /* CybridSDK.docc */ = {isa = PBXFileReference; lastKnownFileType = folder.documentationcatalog; path = CybridSDK.docc; sourceTree = "<group>"; };
		0B078F1728497B070020B4F7 /* CybridSDKTests.xctest */ = {isa = PBXFileReference; explicitFileType = wrapper.cfbundle; includeInIndex = 0; path = CybridSDKTests.xctest; sourceTree = BUILT_PRODUCTS_DIR; };
		0B965FFD2859A01E00584692 /* AsyncOperation.swift */ = {isa = PBXFileReference; lastKnownFileType = sourcecode.swift; path = AsyncOperation.swift; sourceTree = "<group>"; };
		0B966001285A465400584692 /* URLImageView.swift */ = {isa = PBXFileReference; fileEncoding = 4; lastKnownFileType = sourcecode.swift; path = URLImageView.swift; sourceTree = "<group>"; };
		0B966003285A85C600584692 /* AsyncOperationTests.swift */ = {isa = PBXFileReference; lastKnownFileType = sourcecode.swift; path = AsyncOperationTests.swift; sourceTree = "<group>"; };
		0B966007285A92E700584692 /* XCTestCase+expectFailure.swift */ = {isa = PBXFileReference; lastKnownFileType = sourcecode.swift; path = "XCTestCase+expectFailure.swift"; sourceTree = "<group>"; };
		0B966009285A96B700584692 /* AssertionFailureOverride.swift */ = {isa = PBXFileReference; lastKnownFileType = sourcecode.swift; path = AssertionFailureOverride.swift; sourceTree = "<group>"; };
		0B96600C285A9A3100584692 /* MockAsyncOperation.swift */ = {isa = PBXFileReference; lastKnownFileType = sourcecode.swift; path = MockAsyncOperation.swift; sourceTree = "<group>"; };
		0B966010285AA24300584692 /* AssertionFailureOverrideTests.swift */ = {isa = PBXFileReference; lastKnownFileType = sourcecode.swift; path = AssertionFailureOverrideTests.swift; sourceTree = "<group>"; };
		0B966012285AA2EB00584692 /* URLImageViewTests.swift */ = {isa = PBXFileReference; lastKnownFileType = sourcecode.swift; path = URLImageViewTests.swift; sourceTree = "<group>"; };
		0B966016285AE80400584692 /* NetworkingInterfaces.swift */ = {isa = PBXFileReference; lastKnownFileType = sourcecode.swift; path = NetworkingInterfaces.swift; sourceTree = "<group>"; };
		0B966018285AE8D300584692 /* MockURLSession.swift */ = {isa = PBXFileReference; lastKnownFileType = sourcecode.swift; path = MockURLSession.swift; sourceTree = "<group>"; };
		0B96601D285AF03700584692 /* TestAssets.xcassets */ = {isa = PBXFileReference; lastKnownFileType = folder.assetcatalog; path = TestAssets.xcassets; sourceTree = "<group>"; };
		0B96601F285C203000584692 /* ConcurrencyInterfaces.swift */ = {isa = PBXFileReference; lastKnownFileType = sourcecode.swift; path = ConcurrencyInterfaces.swift; sourceTree = "<group>"; };
		0B966021285C2A7800584692 /* URLImageOperation.swift */ = {isa = PBXFileReference; lastKnownFileType = sourcecode.swift; path = URLImageOperation.swift; sourceTree = "<group>"; };
		0B966024285C2CEF00584692 /* MockDispatchQueue.swift */ = {isa = PBXFileReference; lastKnownFileType = sourcecode.swift; path = MockDispatchQueue.swift; sourceTree = "<group>"; };
		0B966026285C2E8600584692 /* MockImageOperation.swift */ = {isa = PBXFileReference; lastKnownFileType = sourcecode.swift; path = MockImageOperation.swift; sourceTree = "<group>"; };
		0B966028285C38F500584692 /* URLImageOperationTests.swift */ = {isa = PBXFileReference; lastKnownFileType = sourcecode.swift; path = URLImageOperationTests.swift; sourceTree = "<group>"; };
		0B96602A285C3AC600584692 /* NetworkingInterfaceTests.swift */ = {isa = PBXFileReference; lastKnownFileType = sourcecode.swift; path = NetworkingInterfaceTests.swift; sourceTree = "<group>"; };
		0B99D1E62849CCE500837E05 /* CybridSDK.podspec */ = {isa = PBXFileReference; explicitFileType = text.script.ruby; fileEncoding = 4; path = CybridSDK.podspec; sourceTree = "<group>"; xcLanguageSpecificationIdentifier = xcode.lang.ruby; };
		0BBCF613285C43E000D39C6D /* CybridSDKTestApp.app */ = {isa = PBXFileReference; explicitFileType = wrapper.application; includeInIndex = 0; path = CybridSDKTestApp.app; sourceTree = BUILT_PRODUCTS_DIR; };
		0BBCF615285C43E000D39C6D /* AppDelegate.swift */ = {isa = PBXFileReference; lastKnownFileType = sourcecode.swift; path = AppDelegate.swift; sourceTree = "<group>"; };
		0BBCF617285C43E000D39C6D /* SceneDelegate.swift */ = {isa = PBXFileReference; lastKnownFileType = sourcecode.swift; path = SceneDelegate.swift; sourceTree = "<group>"; };
		0BBCF619285C43E000D39C6D /* ViewController.swift */ = {isa = PBXFileReference; lastKnownFileType = sourcecode.swift; path = ViewController.swift; sourceTree = "<group>"; };
		0BBCF61C285C43E000D39C6D /* Base */ = {isa = PBXFileReference; lastKnownFileType = file.storyboard; name = Base; path = Base.lproj/Main.storyboard; sourceTree = "<group>"; };
		0BBCF61E285C43E000D39C6D /* Assets.xcassets */ = {isa = PBXFileReference; lastKnownFileType = folder.assetcatalog; path = Assets.xcassets; sourceTree = "<group>"; };
		0BBCF621285C43E000D39C6D /* Base */ = {isa = PBXFileReference; lastKnownFileType = file.storyboard; name = Base; path = Base.lproj/LaunchScreen.storyboard; sourceTree = "<group>"; };
		0BBCF623285C43E000D39C6D /* Info.plist */ = {isa = PBXFileReference; lastKnownFileType = text.plist.xml; path = Info.plist; sourceTree = "<group>"; };
		0BBCF63F285C52D700D39C6D /* MockError.swift */ = {isa = PBXFileReference; fileEncoding = 4; lastKnownFileType = sourcecode.swift; path = MockError.swift; sourceTree = "<group>"; };
		0BD0A4E628582FB700C10744 /* README.md */ = {isa = PBXFileReference; fileEncoding = 4; lastKnownFileType = net.daringfireball.markdown; path = README.md; sourceTree = "<group>"; };
/* End PBXFileReference section */

/* Begin PBXFrameworksBuildPhase section */
		0B078F0A28497B070020B4F7 /* Frameworks */ = {
			isa = PBXFrameworksBuildPhase;
			buildActionMask = 2147483647;
			files = (
			);
			runOnlyForDeploymentPostprocessing = 0;
		};
		0B078F1428497B070020B4F7 /* Frameworks */ = {
			isa = PBXFrameworksBuildPhase;
			buildActionMask = 2147483647;
			files = (
				0B078F1828497B070020B4F7 /* CybridSDK.framework in Frameworks */,
			);
			runOnlyForDeploymentPostprocessing = 0;
		};
		0BBCF610285C43E000D39C6D /* Frameworks */ = {
			isa = PBXFrameworksBuildPhase;
			buildActionMask = 2147483647;
			files = (
			);
			runOnlyForDeploymentPostprocessing = 0;
		};
/* End PBXFrameworksBuildPhase section */

/* Begin PBXGroup section */
		0B078F0328497B070020B4F7 = {
			isa = PBXGroup;
			children = (
				0B965FF728599DF200584692 /* Documentation */,
				0B965FF628599DD800584692 /* Deployment */,
				0B078F0F28497B070020B4F7 /* CybridSDK */,
				0B078F1B28497B070020B4F7 /* CybridSDKTests */,
				0BBCF614285C43E000D39C6D /* CybridSDKTestApp */,
				0B078F0E28497B070020B4F7 /* Products */,
				81407DEC5E3C66990E8215E8 /* Pods */,
			);
			sourceTree = "<group>";
		};
		0B078F0E28497B070020B4F7 /* Products */ = {
			isa = PBXGroup;
			children = (
				0B078F0D28497B070020B4F7 /* CybridSDK.framework */,
				0B078F1728497B070020B4F7 /* CybridSDKTests.xctest */,
				0BBCF613285C43E000D39C6D /* CybridSDKTestApp.app */,
			);
			name = Products;
			sourceTree = "<group>";
		};
		0B078F0F28497B070020B4F7 /* CybridSDK */ = {
			isa = PBXGroup;
			children = (
				0B966015285AE7E800584692 /* Networking */,
				0B965FFC28599FE700584692 /* Utilities */,
				0B965FF828599E3A00584692 /* Supporting Files */,
			);
			path = CybridSDK;
			sourceTree = "<group>";
		};
		0B078F1B28497B070020B4F7 /* CybridSDKTests */ = {
			isa = PBXGroup;
			children = (
				0B96601A285AEB9100584692 /* Resources */,
				0B96600B285A9A1A00584692 /* Mocks */,
				0B966006285A92C000584692 /* Extensions */,
				0B966005285A85FA00584692 /* Utilities Tests */,
			);
			path = CybridSDKTests;
			sourceTree = "<group>";
		};
		0B965FF628599DD800584692 /* Deployment */ = {
			isa = PBXGroup;
			children = (
				0B99D1E62849CCE500837E05 /* CybridSDK.podspec */,
			);
			name = Deployment;
			sourceTree = "<group>";
		};
		0B965FF728599DF200584692 /* Documentation */ = {
			isa = PBXGroup;
			children = (
				0BD0A4E628582FB700C10744 /* README.md */,
				0B078F1128497B070020B4F7 /* CybridSDK.docc */,
			);
			name = Documentation;
			sourceTree = "<group>";
		};
		0B965FF828599E3A00584692 /* Supporting Files */ = {
			isa = PBXGroup;
			children = (
				0B078F1028497B070020B4F7 /* CybridSDK.h */,
			);
			name = "Supporting Files";
			sourceTree = "<group>";
		};
		0B965FFC28599FE700584692 /* Utilities */ = {
			isa = PBXGroup;
			children = (
				0B966023285C2A9F00584692 /* URLImageView */,
				0B965FFD2859A01E00584692 /* AsyncOperation.swift */,
				0B966009285A96B700584692 /* AssertionFailureOverride.swift */,
				0B96601F285C203000584692 /* ConcurrencyInterfaces.swift */,
			);
			path = Utilities;
			sourceTree = "<group>";
		};
		0B966005285A85FA00584692 /* Utilities Tests */ = {
			isa = PBXGroup;
			children = (
				0B966003285A85C600584692 /* AsyncOperationTests.swift */,
				0B966010285AA24300584692 /* AssertionFailureOverrideTests.swift */,
				0B966012285AA2EB00584692 /* URLImageViewTests.swift */,
				0B966028285C38F500584692 /* URLImageOperationTests.swift */,
				0B96602A285C3AC600584692 /* NetworkingInterfaceTests.swift */,
			);
			path = "Utilities Tests";
			sourceTree = "<group>";
		};
		0B966006285A92C000584692 /* Extensions */ = {
			isa = PBXGroup;
			children = (
				0B966007285A92E700584692 /* XCTestCase+expectFailure.swift */,
			);
			path = Extensions;
			sourceTree = "<group>";
		};
		0B96600B285A9A1A00584692 /* Mocks */ = {
			isa = PBXGroup;
			children = (
				0B96600C285A9A3100584692 /* MockAsyncOperation.swift */,
				0B966024285C2CEF00584692 /* MockDispatchQueue.swift */,
				0BBCF63F285C52D700D39C6D /* MockError.swift */,
				0B966026285C2E8600584692 /* MockImageOperation.swift */,
				0B966018285AE8D300584692 /* MockURLSession.swift */,
			);
			path = Mocks;
			sourceTree = "<group>";
		};
		0B966015285AE7E800584692 /* Networking */ = {
			isa = PBXGroup;
			children = (
				0B966016285AE80400584692 /* NetworkingInterfaces.swift */,
			);
			path = Networking;
			sourceTree = "<group>";
		};
		0B96601A285AEB9100584692 /* Resources */ = {
			isa = PBXGroup;
			children = (
				0B96601D285AF03700584692 /* TestAssets.xcassets */,
			);
			path = Resources;
			sourceTree = "<group>";
		};
		0B966023285C2A9F00584692 /* URLImageView */ = {
			isa = PBXGroup;
			children = (
				0B966001285A465400584692 /* URLImageView.swift */,
				0B966021285C2A7800584692 /* URLImageOperation.swift */,
			);
			path = URLImageView;
			sourceTree = "<group>";
		};
		0BBCF614285C43E000D39C6D /* CybridSDKTestApp */ = {
			isa = PBXGroup;
			children = (
				0BBCF619285C43E000D39C6D /* ViewController.swift */,
				0BBCF62A285C443A00D39C6D /* Resources */,
				0BBCF627285C440600D39C6D /* Supporting Files */,
			);
			path = CybridSDKTestApp;
			sourceTree = "<group>";
		};
		0BBCF627285C440600D39C6D /* Supporting Files */ = {
			isa = PBXGroup;
			children = (
				0BBCF615285C43E000D39C6D /* AppDelegate.swift */,
				0BBCF617285C43E000D39C6D /* SceneDelegate.swift */,
				0BBCF623285C43E000D39C6D /* Info.plist */,
			);
			name = "Supporting Files";
			sourceTree = "<group>";
		};
		0BBCF62A285C443A00D39C6D /* Resources */ = {
			isa = PBXGroup;
			children = (
				0BBCF61E285C43E000D39C6D /* Assets.xcassets */,
				0BBCF61B285C43E000D39C6D /* Main.storyboard */,
				0BBCF620285C43E000D39C6D /* LaunchScreen.storyboard */,
			);
			name = Resources;
			sourceTree = "<group>";
		};
		81407DEC5E3C66990E8215E8 /* Pods */ = {
			isa = PBXGroup;
			children = (
			);
			path = Pods;
			sourceTree = "<group>";
		};
/* End PBXGroup section */

/* Begin PBXHeadersBuildPhase section */
		0B078F0828497B070020B4F7 /* Headers */ = {
			isa = PBXHeadersBuildPhase;
			buildActionMask = 2147483647;
			files = (
				0B078F1E28497B070020B4F7 /* CybridSDK.h in Headers */,
			);
			runOnlyForDeploymentPostprocessing = 0;
		};
/* End PBXHeadersBuildPhase section */

/* Begin PBXNativeTarget section */
		0B078F0C28497B070020B4F7 /* CybridSDK */ = {
			isa = PBXNativeTarget;
			buildConfigurationList = 0B078F2128497B070020B4F7 /* Build configuration list for PBXNativeTarget "CybridSDK" */;
			buildPhases = (
				0B078F0828497B070020B4F7 /* Headers */,
				0BDE4ECA2851B4800039C34B /* SwiftLint */,
				0B078F0928497B070020B4F7 /* Sources */,
				0B078F0A28497B070020B4F7 /* Frameworks */,
				0B078F0B28497B070020B4F7 /* Resources */,
			);
			buildRules = (
			);
			dependencies = (
			);
			name = CybridSDK;
			productName = CybridSDK;
			productReference = 0B078F0D28497B070020B4F7 /* CybridSDK.framework */;
			productType = "com.apple.product-type.framework";
		};
		0B078F1628497B070020B4F7 /* CybridSDKTests */ = {
			isa = PBXNativeTarget;
			buildConfigurationList = 0B078F2428497B070020B4F7 /* Build configuration list for PBXNativeTarget "CybridSDKTests" */;
			buildPhases = (
				0B078F1328497B070020B4F7 /* Sources */,
				0B078F1428497B070020B4F7 /* Frameworks */,
				0B078F1528497B070020B4F7 /* Resources */,
			);
			buildRules = (
			);
			dependencies = (
				0B078F1A28497B070020B4F7 /* PBXTargetDependency */,
			);
			name = CybridSDKTests;
			productName = CybridSDKTests;
			productReference = 0B078F1728497B070020B4F7 /* CybridSDKTests.xctest */;
			productType = "com.apple.product-type.bundle.unit-test";
		};
		0BBCF612285C43E000D39C6D /* CybridSDKTestApp */ = {
			isa = PBXNativeTarget;
			buildConfigurationList = 0BBCF624285C43E000D39C6D /* Build configuration list for PBXNativeTarget "CybridSDKTestApp" */;
			buildPhases = (
				0BBCF60F285C43E000D39C6D /* Sources */,
				0BBCF610285C43E000D39C6D /* Frameworks */,
				0BBCF611285C43E000D39C6D /* Resources */,
			);
			buildRules = (
			);
			dependencies = (
			);
			name = CybridSDKTestApp;
			productName = CybridSDKTestApp;
			productReference = 0BBCF613285C43E000D39C6D /* CybridSDKTestApp.app */;
			productType = "com.apple.product-type.application";
		};
/* End PBXNativeTarget section */

/* Begin PBXProject section */
		0B078F0428497B070020B4F7 /* Project object */ = {
			isa = PBXProject;
			attributes = {
				BuildIndependentTargetsInParallel = 1;
				LastSwiftUpdateCheck = 1330;
				LastUpgradeCheck = 1330;
				TargetAttributes = {
					0B078F0C28497B070020B4F7 = {
						CreatedOnToolsVersion = 13.3.1;
					};
					0B078F1628497B070020B4F7 = {
						CreatedOnToolsVersion = 13.3.1;
					};
					0BBCF612285C43E000D39C6D = {
						CreatedOnToolsVersion = 13.3.1;
					};
				};
			};
			buildConfigurationList = 0B078F0728497B070020B4F7 /* Build configuration list for PBXProject "CybridSDK" */;
			compatibilityVersion = "Xcode 13.0";
			developmentRegion = en;
			hasScannedForEncodings = 0;
			knownRegions = (
				en,
				Base,
			);
			mainGroup = 0B078F0328497B070020B4F7;
			productRefGroup = 0B078F0E28497B070020B4F7 /* Products */;
			projectDirPath = "";
			projectRoot = "";
			targets = (
				0B078F0C28497B070020B4F7 /* CybridSDK */,
				0B078F1628497B070020B4F7 /* CybridSDKTests */,
				0BBCF612285C43E000D39C6D /* CybridSDKTestApp */,
			);
		};
/* End PBXProject section */

/* Begin PBXResourcesBuildPhase section */
		0B078F0B28497B070020B4F7 /* Resources */ = {
			isa = PBXResourcesBuildPhase;
			buildActionMask = 2147483647;
			files = (
				0BD0A4E728582FB700C10744 /* README.md in Resources */,
				0B99D1E72849CCE500837E05 /* CybridSDK.podspec in Resources */,
			);
			runOnlyForDeploymentPostprocessing = 0;
		};
		0B078F1528497B070020B4F7 /* Resources */ = {
			isa = PBXResourcesBuildPhase;
			buildActionMask = 2147483647;
			files = (
				0B96601E285AF03700584692 /* TestAssets.xcassets in Resources */,
			);
			runOnlyForDeploymentPostprocessing = 0;
		};
		0BBCF611285C43E000D39C6D /* Resources */ = {
			isa = PBXResourcesBuildPhase;
			buildActionMask = 2147483647;
			files = (
				0BBCF622285C43E000D39C6D /* LaunchScreen.storyboard in Resources */,
				0BBCF61F285C43E000D39C6D /* Assets.xcassets in Resources */,
				0BBCF61D285C43E000D39C6D /* Main.storyboard in Resources */,
			);
			runOnlyForDeploymentPostprocessing = 0;
		};
/* End PBXResourcesBuildPhase section */

/* Begin PBXShellScriptBuildPhase section */
		0BDE4ECA2851B4800039C34B /* SwiftLint */ = {
			isa = PBXShellScriptBuildPhase;
			buildActionMask = 2147483647;
			files = (
			);
			inputFileListPaths = (
			);
			inputPaths = (
			);
			name = SwiftLint;
			outputFileListPaths = (
			);
			outputPaths = (
			);
			runOnlyForDeploymentPostprocessing = 0;
			shellPath = /bin/sh;
			shellScript = "# Run only when not running on CI. CI should run SwiftLint with Fastlane.\nif [ -z \"$CI\"]; then\n  ${PODS_ROOT}/SwiftLint/swiftlint\nfi\n";
		};
/* End PBXShellScriptBuildPhase section */

/* Begin PBXSourcesBuildPhase section */
		0B078F0928497B070020B4F7 /* Sources */ = {
			isa = PBXSourcesBuildPhase;
			buildActionMask = 2147483647;
			files = (
				0B965FFE2859A01E00584692 /* AsyncOperation.swift in Sources */,
				0B966020285C203000584692 /* ConcurrencyInterfaces.swift in Sources */,
				0B966017285AE80400584692 /* NetworkingInterfaces.swift in Sources */,
				0B96600F285AA0FC00584692 /* AssertionFailureOverride.swift in Sources */,
				0B966022285C2A7800584692 /* URLImageOperation.swift in Sources */,
				0B078F1228497B070020B4F7 /* CybridSDK.docc in Sources */,
				0B966002285A465400584692 /* URLImageView.swift in Sources */,
			);
			runOnlyForDeploymentPostprocessing = 0;
		};
		0B078F1328497B070020B4F7 /* Sources */ = {
			isa = PBXSourcesBuildPhase;
			buildActionMask = 2147483647;
			files = (
				0BBCF640285C52D700D39C6D /* MockError.swift in Sources */,
				0B966027285C2E8600584692 /* MockImageOperation.swift in Sources */,
				0B966029285C38F500584692 /* URLImageOperationTests.swift in Sources */,
				0B966004285A85C600584692 /* AsyncOperationTests.swift in Sources */,
				0B966025285C2CEF00584692 /* MockDispatchQueue.swift in Sources */,
				0B966011285AA24300584692 /* AssertionFailureOverrideTests.swift in Sources */,
				0B96600D285A9A3100584692 /* MockAsyncOperation.swift in Sources */,
				0B966019285AE8D300584692 /* MockURLSession.swift in Sources */,
				0B966013285AA2EB00584692 /* URLImageViewTests.swift in Sources */,
				0B966008285A92E700584692 /* XCTestCase+expectFailure.swift in Sources */,
				0B96602B285C3AC600584692 /* NetworkingInterfaceTests.swift in Sources */,
			);
			runOnlyForDeploymentPostprocessing = 0;
		};
		0BBCF60F285C43E000D39C6D /* Sources */ = {
			isa = PBXSourcesBuildPhase;
			buildActionMask = 2147483647;
			files = (
				0BBCF61A285C43E000D39C6D /* ViewController.swift in Sources */,
				0BBCF616285C43E000D39C6D /* AppDelegate.swift in Sources */,
				0BBCF618285C43E000D39C6D /* SceneDelegate.swift in Sources */,
			);
			runOnlyForDeploymentPostprocessing = 0;
		};
/* End PBXSourcesBuildPhase section */

/* Begin PBXTargetDependency section */
		0B078F1A28497B070020B4F7 /* PBXTargetDependency */ = {
			isa = PBXTargetDependency;
			target = 0B078F0C28497B070020B4F7 /* CybridSDK */;
			targetProxy = 0B078F1928497B070020B4F7 /* PBXContainerItemProxy */;
		};
/* End PBXTargetDependency section */

/* Begin PBXVariantGroup section */
		0BBCF61B285C43E000D39C6D /* Main.storyboard */ = {
			isa = PBXVariantGroup;
			children = (
				0BBCF61C285C43E000D39C6D /* Base */,
			);
			name = Main.storyboard;
			sourceTree = "<group>";
		};
		0BBCF620285C43E000D39C6D /* LaunchScreen.storyboard */ = {
			isa = PBXVariantGroup;
			children = (
				0BBCF621285C43E000D39C6D /* Base */,
			);
			name = LaunchScreen.storyboard;
			sourceTree = "<group>";
		};
/* End PBXVariantGroup section */

/* Begin XCBuildConfiguration section */
		0B078F1F28497B070020B4F7 /* Debug */ = {
			isa = XCBuildConfiguration;
			buildSettings = {
				ALWAYS_SEARCH_USER_PATHS = NO;
				CLANG_ANALYZER_NONNULL = YES;
				CLANG_ANALYZER_NUMBER_OBJECT_CONVERSION = YES_AGGRESSIVE;
				CLANG_CXX_LANGUAGE_STANDARD = "gnu++17";
				CLANG_ENABLE_MODULES = YES;
				CLANG_ENABLE_OBJC_ARC = YES;
				CLANG_ENABLE_OBJC_WEAK = YES;
				CLANG_WARN_BLOCK_CAPTURE_AUTORELEASING = YES;
				CLANG_WARN_BOOL_CONVERSION = YES;
				CLANG_WARN_COMMA = YES;
				CLANG_WARN_CONSTANT_CONVERSION = YES;
				CLANG_WARN_DEPRECATED_OBJC_IMPLEMENTATIONS = YES;
				CLANG_WARN_DIRECT_OBJC_ISA_USAGE = YES_ERROR;
				CLANG_WARN_DOCUMENTATION_COMMENTS = YES;
				CLANG_WARN_EMPTY_BODY = YES;
				CLANG_WARN_ENUM_CONVERSION = YES;
				CLANG_WARN_INFINITE_RECURSION = YES;
				CLANG_WARN_INT_CONVERSION = YES;
				CLANG_WARN_NON_LITERAL_NULL_CONVERSION = YES;
				CLANG_WARN_OBJC_IMPLICIT_RETAIN_SELF = YES;
				CLANG_WARN_OBJC_LITERAL_CONVERSION = YES;
				CLANG_WARN_OBJC_ROOT_CLASS = YES_ERROR;
				CLANG_WARN_QUOTED_INCLUDE_IN_FRAMEWORK_HEADER = YES;
				CLANG_WARN_RANGE_LOOP_ANALYSIS = YES;
				CLANG_WARN_STRICT_PROTOTYPES = YES;
				CLANG_WARN_SUSPICIOUS_MOVE = YES;
				CLANG_WARN_UNGUARDED_AVAILABILITY = YES_AGGRESSIVE;
				CLANG_WARN_UNREACHABLE_CODE = YES;
				CLANG_WARN__DUPLICATE_METHOD_MATCH = YES;
				COPY_PHASE_STRIP = NO;
				CURRENT_PROJECT_VERSION = 1;
				DEBUG_INFORMATION_FORMAT = dwarf;
				ENABLE_STRICT_OBJC_MSGSEND = YES;
				ENABLE_TESTABILITY = YES;
				GCC_C_LANGUAGE_STANDARD = gnu11;
				GCC_DYNAMIC_NO_PIC = NO;
				GCC_NO_COMMON_BLOCKS = YES;
				GCC_OPTIMIZATION_LEVEL = 0;
				GCC_PREPROCESSOR_DEFINITIONS = (
					"DEBUG=1",
					"$(inherited)",
				);
				GCC_WARN_64_TO_32_BIT_CONVERSION = YES;
				GCC_WARN_ABOUT_RETURN_TYPE = YES_ERROR;
				GCC_WARN_UNDECLARED_SELECTOR = YES;
				GCC_WARN_UNINITIALIZED_AUTOS = YES_AGGRESSIVE;
				GCC_WARN_UNUSED_FUNCTION = YES;
				GCC_WARN_UNUSED_VARIABLE = YES;
				IPHONEOS_DEPLOYMENT_TARGET = 13.0;
				MTL_ENABLE_DEBUG_INFO = INCLUDE_SOURCE;
				MTL_FAST_MATH = YES;
				ONLY_ACTIVE_ARCH = YES;
				SDKROOT = iphoneos;
				SWIFT_ACTIVE_COMPILATION_CONDITIONS = DEBUG;
				SWIFT_OPTIMIZATION_LEVEL = "-Onone";
				VERSIONING_SYSTEM = "apple-generic";
				VERSION_INFO_PREFIX = "";
			};
			name = Debug;
		};
		0B078F2028497B070020B4F7 /* Release */ = {
			isa = XCBuildConfiguration;
			buildSettings = {
				ALWAYS_SEARCH_USER_PATHS = NO;
				CLANG_ANALYZER_NONNULL = YES;
				CLANG_ANALYZER_NUMBER_OBJECT_CONVERSION = YES_AGGRESSIVE;
				CLANG_CXX_LANGUAGE_STANDARD = "gnu++17";
				CLANG_ENABLE_MODULES = YES;
				CLANG_ENABLE_OBJC_ARC = YES;
				CLANG_ENABLE_OBJC_WEAK = YES;
				CLANG_WARN_BLOCK_CAPTURE_AUTORELEASING = YES;
				CLANG_WARN_BOOL_CONVERSION = YES;
				CLANG_WARN_COMMA = YES;
				CLANG_WARN_CONSTANT_CONVERSION = YES;
				CLANG_WARN_DEPRECATED_OBJC_IMPLEMENTATIONS = YES;
				CLANG_WARN_DIRECT_OBJC_ISA_USAGE = YES_ERROR;
				CLANG_WARN_DOCUMENTATION_COMMENTS = YES;
				CLANG_WARN_EMPTY_BODY = YES;
				CLANG_WARN_ENUM_CONVERSION = YES;
				CLANG_WARN_INFINITE_RECURSION = YES;
				CLANG_WARN_INT_CONVERSION = YES;
				CLANG_WARN_NON_LITERAL_NULL_CONVERSION = YES;
				CLANG_WARN_OBJC_IMPLICIT_RETAIN_SELF = YES;
				CLANG_WARN_OBJC_LITERAL_CONVERSION = YES;
				CLANG_WARN_OBJC_ROOT_CLASS = YES_ERROR;
				CLANG_WARN_QUOTED_INCLUDE_IN_FRAMEWORK_HEADER = YES;
				CLANG_WARN_RANGE_LOOP_ANALYSIS = YES;
				CLANG_WARN_STRICT_PROTOTYPES = YES;
				CLANG_WARN_SUSPICIOUS_MOVE = YES;
				CLANG_WARN_UNGUARDED_AVAILABILITY = YES_AGGRESSIVE;
				CLANG_WARN_UNREACHABLE_CODE = YES;
				CLANG_WARN__DUPLICATE_METHOD_MATCH = YES;
				COPY_PHASE_STRIP = NO;
				CURRENT_PROJECT_VERSION = 1;
				DEBUG_INFORMATION_FORMAT = "dwarf-with-dsym";
				ENABLE_NS_ASSERTIONS = NO;
				ENABLE_STRICT_OBJC_MSGSEND = YES;
				GCC_C_LANGUAGE_STANDARD = gnu11;
				GCC_NO_COMMON_BLOCKS = YES;
				GCC_WARN_64_TO_32_BIT_CONVERSION = YES;
				GCC_WARN_ABOUT_RETURN_TYPE = YES_ERROR;
				GCC_WARN_UNDECLARED_SELECTOR = YES;
				GCC_WARN_UNINITIALIZED_AUTOS = YES_AGGRESSIVE;
				GCC_WARN_UNUSED_FUNCTION = YES;
				GCC_WARN_UNUSED_VARIABLE = YES;
				IPHONEOS_DEPLOYMENT_TARGET = 13.0;
				MTL_ENABLE_DEBUG_INFO = NO;
				MTL_FAST_MATH = YES;
				SDKROOT = iphoneos;
				SWIFT_COMPILATION_MODE = wholemodule;
				SWIFT_OPTIMIZATION_LEVEL = "-O";
				VALIDATE_PRODUCT = YES;
				VERSIONING_SYSTEM = "apple-generic";
				VERSION_INFO_PREFIX = "";
			};
			name = Release;
		};
		0B078F2228497B070020B4F7 /* Debug */ = {
			isa = XCBuildConfiguration;
			buildSettings = {
				CODE_SIGN_STYLE = Automatic;
				CURRENT_PROJECT_VERSION = 1;
				DEFINES_MODULE = YES;
				DEVELOPMENT_TEAM = 5789WJ9F6P;
				DYLIB_COMPATIBILITY_VERSION = 1;
				DYLIB_CURRENT_VERSION = 1;
				DYLIB_INSTALL_NAME_BASE = "@rpath";
				GENERATE_INFOPLIST_FILE = YES;
				INFOPLIST_KEY_NSHumanReadableCopyright = "";
				INSTALL_PATH = "$(LOCAL_LIBRARY_DIR)/Frameworks";
				IPHONEOS_DEPLOYMENT_TARGET = 13.0;
				LD_RUNPATH_SEARCH_PATHS = (
					"$(inherited)",
					"@executable_path/Frameworks",
					"@loader_path/Frameworks",
				);
				MARKETING_VERSION = 1.0;
				PRODUCT_BUNDLE_IDENTIFIER = app.cybrid.CybridSDK;
				PRODUCT_NAME = "$(TARGET_NAME:c99extidentifier)";
				SKIP_INSTALL = YES;
				SUPPORTS_MACCATALYST = NO;
				SWIFT_EMIT_LOC_STRINGS = YES;
				SWIFT_VERSION = 5.0;
				TARGETED_DEVICE_FAMILY = 1;
			};
			name = Debug;
		};
		0B078F2328497B070020B4F7 /* Release */ = {
			isa = XCBuildConfiguration;
			buildSettings = {
				CODE_SIGN_STYLE = Automatic;
				CURRENT_PROJECT_VERSION = 1;
				DEFINES_MODULE = YES;
				DEVELOPMENT_TEAM = 5789WJ9F6P;
				DYLIB_COMPATIBILITY_VERSION = 1;
				DYLIB_CURRENT_VERSION = 1;
				DYLIB_INSTALL_NAME_BASE = "@rpath";
				GENERATE_INFOPLIST_FILE = YES;
				INFOPLIST_KEY_NSHumanReadableCopyright = "";
				INSTALL_PATH = "$(LOCAL_LIBRARY_DIR)/Frameworks";
				IPHONEOS_DEPLOYMENT_TARGET = 13.0;
				LD_RUNPATH_SEARCH_PATHS = (
					"$(inherited)",
					"@executable_path/Frameworks",
					"@loader_path/Frameworks",
				);
				MARKETING_VERSION = 1.0;
				PRODUCT_BUNDLE_IDENTIFIER = app.cybrid.CybridSDK;
				PRODUCT_NAME = "$(TARGET_NAME:c99extidentifier)";
				SKIP_INSTALL = YES;
				SUPPORTS_MACCATALYST = NO;
				SWIFT_EMIT_LOC_STRINGS = YES;
				SWIFT_VERSION = 5.0;
				TARGETED_DEVICE_FAMILY = 1;
			};
			name = Release;
		};
		0B078F2528497B070020B4F7 /* Debug */ = {
			isa = XCBuildConfiguration;
			buildSettings = {
				ALWAYS_EMBED_SWIFT_STANDARD_LIBRARIES = YES;
				CODE_SIGN_STYLE = Automatic;
				CURRENT_PROJECT_VERSION = 1;
				DEVELOPMENT_TEAM = 5789WJ9F6P;
				GENERATE_INFOPLIST_FILE = YES;
				MARKETING_VERSION = 1.0;
				PRODUCT_BUNDLE_IDENTIFIER = app.cybrid.CybridSDKTests;
				PRODUCT_NAME = "$(TARGET_NAME)";
				SWIFT_EMIT_LOC_STRINGS = NO;
				SWIFT_VERSION = 5.0;
				TARGETED_DEVICE_FAMILY = "1,2";
			};
			name = Debug;
		};
		0B078F2628497B070020B4F7 /* Release */ = {
			isa = XCBuildConfiguration;
			buildSettings = {
				ALWAYS_EMBED_SWIFT_STANDARD_LIBRARIES = YES;
				CODE_SIGN_STYLE = Automatic;
				CURRENT_PROJECT_VERSION = 1;
				DEVELOPMENT_TEAM = 5789WJ9F6P;
				GENERATE_INFOPLIST_FILE = YES;
				MARKETING_VERSION = 1.0;
				PRODUCT_BUNDLE_IDENTIFIER = app.cybrid.CybridSDKTests;
				PRODUCT_NAME = "$(TARGET_NAME)";
				SWIFT_EMIT_LOC_STRINGS = NO;
				SWIFT_VERSION = 5.0;
				TARGETED_DEVICE_FAMILY = "1,2";
			};
			name = Release;
		};
		0BBCF625285C43E000D39C6D /* Debug */ = {
			isa = XCBuildConfiguration;
			buildSettings = {
				ASSETCATALOG_COMPILER_APPICON_NAME = AppIcon;
				ASSETCATALOG_COMPILER_GLOBAL_ACCENT_COLOR_NAME = AccentColor;
				CODE_SIGN_STYLE = Automatic;
				CURRENT_PROJECT_VERSION = 1;
				DEVELOPMENT_TEAM = 5789WJ9F6P;
				GENERATE_INFOPLIST_FILE = YES;
				INFOPLIST_FILE = CybridSDKTestApp/Info.plist;
				INFOPLIST_KEY_UIApplicationSupportsIndirectInputEvents = YES;
				INFOPLIST_KEY_UILaunchStoryboardName = LaunchScreen;
				INFOPLIST_KEY_UIMainStoryboardFile = Main;
				INFOPLIST_KEY_UISupportedInterfaceOrientations_iPad = "UIInterfaceOrientationPortrait UIInterfaceOrientationPortraitUpsideDown UIInterfaceOrientationLandscapeLeft UIInterfaceOrientationLandscapeRight";
				INFOPLIST_KEY_UISupportedInterfaceOrientations_iPhone = "UIInterfaceOrientationPortrait UIInterfaceOrientationLandscapeLeft UIInterfaceOrientationLandscapeRight";
				IPHONEOS_DEPLOYMENT_TARGET = 13.0;
				LD_RUNPATH_SEARCH_PATHS = (
					"$(inherited)",
					"@executable_path/Frameworks",
				);
				MARKETING_VERSION = 1.0;
				PRODUCT_BUNDLE_IDENTIFIER = app.cybrid.CybridSDKTestApp;
				PRODUCT_NAME = "$(TARGET_NAME)";
				SWIFT_EMIT_LOC_STRINGS = YES;
				SWIFT_VERSION = 5.0;
				TARGETED_DEVICE_FAMILY = 1;
			};
			name = Debug;
		};
		0BBCF626285C43E000D39C6D /* Release */ = {
			isa = XCBuildConfiguration;
			buildSettings = {
				ASSETCATALOG_COMPILER_APPICON_NAME = AppIcon;
				ASSETCATALOG_COMPILER_GLOBAL_ACCENT_COLOR_NAME = AccentColor;
				CODE_SIGN_STYLE = Automatic;
				CURRENT_PROJECT_VERSION = 1;
				DEVELOPMENT_TEAM = 5789WJ9F6P;
				GENERATE_INFOPLIST_FILE = YES;
				INFOPLIST_FILE = CybridSDKTestApp/Info.plist;
				INFOPLIST_KEY_UIApplicationSupportsIndirectInputEvents = YES;
				INFOPLIST_KEY_UILaunchStoryboardName = LaunchScreen;
				INFOPLIST_KEY_UIMainStoryboardFile = Main;
				INFOPLIST_KEY_UISupportedInterfaceOrientations_iPad = "UIInterfaceOrientationPortrait UIInterfaceOrientationPortraitUpsideDown UIInterfaceOrientationLandscapeLeft UIInterfaceOrientationLandscapeRight";
				INFOPLIST_KEY_UISupportedInterfaceOrientations_iPhone = "UIInterfaceOrientationPortrait UIInterfaceOrientationLandscapeLeft UIInterfaceOrientationLandscapeRight";
				IPHONEOS_DEPLOYMENT_TARGET = 13.0;
				LD_RUNPATH_SEARCH_PATHS = (
					"$(inherited)",
					"@executable_path/Frameworks",
				);
				MARKETING_VERSION = 1.0;
				PRODUCT_BUNDLE_IDENTIFIER = app.cybrid.CybridSDKTestApp;
				PRODUCT_NAME = "$(TARGET_NAME)";
				SWIFT_EMIT_LOC_STRINGS = YES;
				SWIFT_VERSION = 5.0;
				TARGETED_DEVICE_FAMILY = 1;
			};
			name = Release;
		};
/* End XCBuildConfiguration section */

/* Begin XCConfigurationList section */
		0B078F0728497B070020B4F7 /* Build configuration list for PBXProject "CybridSDK" */ = {
			isa = XCConfigurationList;
			buildConfigurations = (
				0B078F1F28497B070020B4F7 /* Debug */,
				0B078F2028497B070020B4F7 /* Release */,
			);
			defaultConfigurationIsVisible = 0;
			defaultConfigurationName = Release;
		};
		0B078F2128497B070020B4F7 /* Build configuration list for PBXNativeTarget "CybridSDK" */ = {
			isa = XCConfigurationList;
			buildConfigurations = (
				0B078F2228497B070020B4F7 /* Debug */,
				0B078F2328497B070020B4F7 /* Release */,
			);
			defaultConfigurationIsVisible = 0;
			defaultConfigurationName = Release;
		};
		0B078F2428497B070020B4F7 /* Build configuration list for PBXNativeTarget "CybridSDKTests" */ = {
			isa = XCConfigurationList;
			buildConfigurations = (
				0B078F2528497B070020B4F7 /* Debug */,
				0B078F2628497B070020B4F7 /* Release */,
			);
			defaultConfigurationIsVisible = 0;
			defaultConfigurationName = Release;
		};
		0BBCF624285C43E000D39C6D /* Build configuration list for PBXNativeTarget "CybridSDKTestApp" */ = {
			isa = XCConfigurationList;
			buildConfigurations = (
				0BBCF625285C43E000D39C6D /* Debug */,
				0BBCF626285C43E000D39C6D /* Release */,
			);
			defaultConfigurationIsVisible = 0;
			defaultConfigurationName = Release;
		};
/* End XCConfigurationList section */
	};
	rootObject = 0B078F0428497B070020B4F7 /* Project object */;
}
